
Microsoft Visual Studio Solution File, Format Version 12.00
# Visual Studio Version 16
VisualStudioVersion = 16.0.29319.158
MinimumVisualStudioVersion = 10.0.40219.1
Project("{9A19103F-16F7-4668-BE54-9A1E7A4F7556}") = "ALL.Win.Tests", "ALL.Win.Tests.csproj", "{81F89612-4814-4B53-8C0C-00DC66FDE13E}"
EndProject
Global
	GlobalSection(SolutionConfigurationPlatforms) = preSolution
		Debug|Any CPU = Debug|Any CPU
		Release|Any CPU = Release|Any CPU
	EndGlobalSection
	GlobalSection(ProjectConfigurationPlatforms) = postSolution
		{81F89612-4814-4B53-8C0C-00DC66FDE13E}.Debug|Any CPU.ActiveCfg = Debug|Any CPU
		{81F89612-4814-4B53-8C0C-00DC66FDE13E}.Debug|Any CPU.Build.0 = Debug|Any CPU
		{81F89612-4814-4B53-8C0C-00DC66FDE13E}.Release|Any CPU.ActiveCfg = Release|Any CPU
		{81F89612-4814-4B53-8C0C-00DC66FDE13E}.Release|Any CPU.Build.0 = Release|Any CPU
	EndGlobalSection
	GlobalSection(SolutionProperties) = preSolution
		HideSolutionNode = FALSE
	EndGlobalSection
	GlobalSection(ExtensibilityGlobals) = postSolution
		SolutionGuid = {78A70979-7365-45F6-B7A5-CEC35893AA37}
	EndGlobalSection
EndGlobal
