
Microsoft Visual Studio Solution File, Format Version 12.00
# Visual Studio Version 17
VisualStudioVersion = 17.0.31903.59
MinimumVisualStudioVersion = 10.0.40219.1
Project("{2150E333-8FDC-42A3-9474-1A3956D46DE8}") = ".paket", ".paket", "{FEFFB6D8-960C-4910-AF46-8957F605E2C2}"
	ProjectSection(SolutionItems) = preProject
		..\..\paket.dependencies = ..\..\paket.dependencies
	EndProjectSection
EndProject
Project("{9A19103F-16F7-4668-BE54-9A1E7A4F7556}") = "Xpand.XAF.Modules.AutoCommit", "AutoCommit\Xpand.XAF.Modules.AutoCommit.csproj", "{5685573C-15E0-43DF-B939-D842211BA5ED}"
	ProjectSection(ProjectDependencies) = postProject
		{58399364-9ACA-429F-A276-7F01E9E61D7D} = {58399364-9ACA-429F-A276-7F01E9E61D7D}
	EndProjectSection
EndProject
Project("{9A19103F-16F7-4668-BE54-9A1E7A4F7556}") = "Xpand.XAF.Modules.CloneMemberValue", "CloneMemberValue\Xpand.XAF.Modules.CloneMemberValue.csproj", "{6D9F55AA-D9C1-462E-9057-29EFC8DCC3BB}"
	ProjectSection(ProjectDependencies) = postProject
		{58399364-9ACA-429F-A276-7F01E9E61D7D} = {58399364-9ACA-429F-A276-7F01E9E61D7D}
	EndProjectSection
EndProject
Project("{9A19103F-16F7-4668-BE54-9A1E7A4F7556}") = "Xpand.XAF.Modules.CloneModelView", "CloneModelView\Xpand.XAF.Modules.CloneModelView.csproj", "{FB456706-C7F0-455C-B2F1-D75B143FDC28}"
	ProjectSection(ProjectDependencies) = postProject
		{58399364-9ACA-429F-A276-7F01E9E61D7D} = {58399364-9ACA-429F-A276-7F01E9E61D7D}
	EndProjectSection
EndProject
Project("{9A19103F-16F7-4668-BE54-9A1E7A4F7556}") = "Xpand.XAF.Modules.MasterDetail", "MasterDetail\Xpand.XAF.Modules.MasterDetail.csproj", "{79060F89-8991-476F-B536-6DCB5492178E}"
	ProjectSection(ProjectDependencies) = postProject
		{58399364-9ACA-429F-A276-7F01E9E61D7D} = {58399364-9ACA-429F-A276-7F01E9E61D7D}
	EndProjectSection
EndProject
Project("{9A19103F-16F7-4668-BE54-9A1E7A4F7556}") = "Xpand.XAF.Modules.ModelViewInheritance", "ModelViewInheritance\Xpand.XAF.Modules.ModelViewInheritance.csproj", "{194C38C8-A636-4570-A46D-2E8FE04C94C4}"
	ProjectSection(ProjectDependencies) = postProject
		{58399364-9ACA-429F-A276-7F01E9E61D7D} = {58399364-9ACA-429F-A276-7F01E9E61D7D}
	EndProjectSection
EndProject
Project("{9A19103F-16F7-4668-BE54-9A1E7A4F7556}") = "Xpand.XAF.Modules.Reactive", "Reactive\Xpand.XAF.Modules.Reactive.csproj", "{58399364-9ACA-429F-A276-7F01E9E61D7D}"
EndProject
Project("{9A19103F-16F7-4668-BE54-9A1E7A4F7556}") = "Xpand.XAF.Modules.SuppressConfirmation", "SuppressConfirmation\Xpand.XAF.Modules.SuppressConfirmation.csproj", "{7D3556B8-8CF9-4622-94F1-0F28A7765D0E}"
	ProjectSection(ProjectDependencies) = postProject
		{58399364-9ACA-429F-A276-7F01E9E61D7D} = {58399364-9ACA-429F-A276-7F01E9E61D7D}
	EndProjectSection
EndProject
Project("{9A19103F-16F7-4668-BE54-9A1E7A4F7556}") = "Xpand.XAF.Modules.ViewEditMode", "ViewEditMode\Xpand.XAF.Modules.ViewEditMode.csproj", "{D9233585-0907-4561-9C53-14D9AD5EEC0E}"
	ProjectSection(ProjectDependencies) = postProject
		{58399364-9ACA-429F-A276-7F01E9E61D7D} = {58399364-9ACA-429F-A276-7F01E9E61D7D}
	EndProjectSection
EndProject
Project("{9A19103F-16F7-4668-BE54-9A1E7A4F7556}") = "Xpand.XAF.Modules.HideToolBar", "HideToolBar\Xpand.XAF.Modules.HideToolBar.csproj", "{B76C0852-B1B3-4663-98F5-808FA9AC2D30}"
	ProjectSection(ProjectDependencies) = postProject
		{58399364-9ACA-429F-A276-7F01E9E61D7D} = {58399364-9ACA-429F-A276-7F01E9E61D7D}
	EndProjectSection
EndProject
Project("{9A19103F-16F7-4668-BE54-9A1E7A4F7556}") = "Xpand.XAF.Modules.ProgressBarViewItem", "ProgressBarViewItem\Xpand.XAF.Modules.ProgressBarViewItem.csproj", "{5B65629B-E5C9-4686-967B-9AF271EA47EA}"
	ProjectSection(ProjectDependencies) = postProject
		{58399364-9ACA-429F-A276-7F01E9E61D7D} = {58399364-9ACA-429F-A276-7F01E9E61D7D}
	EndProjectSection
EndProject
Project("{9A19103F-16F7-4668-BE54-9A1E7A4F7556}") = "Xpand.XAF.Modules.ModelMapper", "ModelMapper\Xpand.XAF.Modules.ModelMapper.csproj", "{F15810E7-4D84-4305-B9DE-74E7976C9018}"
	ProjectSection(ProjectDependencies) = postProject
		{58399364-9ACA-429F-A276-7F01E9E61D7D} = {58399364-9ACA-429F-A276-7F01E9E61D7D}
	EndProjectSection
EndProject
Project("{9A19103F-16F7-4668-BE54-9A1E7A4F7556}") = "Xpand.XAF.Modules.GridListEditor", "GridListEditor\Xpand.XAF.Modules.GridListEditor.csproj", "{D7B0A652-605F-4C0F-B543-FC3FBD568DF3}"
	ProjectSection(ProjectDependencies) = postProject
		{58399364-9ACA-429F-A276-7F01E9E61D7D} = {58399364-9ACA-429F-A276-7F01E9E61D7D}
	EndProjectSection
EndProject
Project("{9A19103F-16F7-4668-BE54-9A1E7A4F7556}") = "Xpand.XAF.Modules.OneView", "OneView\Xpand.XAF.Modules.OneView.csproj", "{4C3ED41A-EB50-4A59-9A38-0BDBC1967C06}"
	ProjectSection(ProjectDependencies) = postProject
		{58399364-9ACA-429F-A276-7F01E9E61D7D} = {58399364-9ACA-429F-A276-7F01E9E61D7D}
	EndProjectSection
EndProject
Project("{9A19103F-16F7-4668-BE54-9A1E7A4F7556}") = "Xpand.XAF.Modules.Reactive.Logger", "Reactive.Logger\Xpand.XAF.Modules.Reactive.Logger.csproj", "{FCC60F32-B678-40B7-9226-9FBEB82B0FDA}"
	ProjectSection(ProjectDependencies) = postProject
		{58399364-9ACA-429F-A276-7F01E9E61D7D} = {58399364-9ACA-429F-A276-7F01E9E61D7D}
	EndProjectSection
EndProject
Project("{9A19103F-16F7-4668-BE54-9A1E7A4F7556}") = "Xpand.XAF.Modules.Reactive.Logger.Client.Win", "Reactive.Logger.Client.Win\Xpand.XAF.Modules.Reactive.Logger.Client.Win.csproj", "{F929A9D2-7C98-4138-8F2B-C3D3A8464710}"
	ProjectSection(ProjectDependencies) = postProject
		{4C3ED41A-EB50-4A59-9A38-0BDBC1967C06} = {4C3ED41A-EB50-4A59-9A38-0BDBC1967C06}
		{D7B0A652-605F-4C0F-B543-FC3FBD568DF3} = {D7B0A652-605F-4C0F-B543-FC3FBD568DF3}
		{F81172D2-C7A6-4159-ADB7-38E8C1B1460D} = {F81172D2-C7A6-4159-ADB7-38E8C1B1460D}
		{FCC60F32-B678-40B7-9226-9FBEB82B0FDA} = {FCC60F32-B678-40B7-9226-9FBEB82B0FDA}
	EndProjectSection
EndProject
Project("{9A19103F-16F7-4668-BE54-9A1E7A4F7556}") = "Xpand.XAF.Modules.RefreshView", "RefreshView\Xpand.XAF.Modules.RefreshView.csproj", "{4C65406D-13A1-488F-8945-9C38DBC6ECD5}"
	ProjectSection(ProjectDependencies) = postProject
		{58399364-9ACA-429F-A276-7F01E9E61D7D} = {58399364-9ACA-429F-A276-7F01E9E61D7D}
	EndProjectSection
EndProject
Project("{9A19103F-16F7-4668-BE54-9A1E7A4F7556}") = "Xpand.XAF.Modules.Reactive.Logger.Hub", "Reactive.Logger.Hub\Xpand.XAF.Modules.Reactive.Logger.Hub.csproj", "{F81172D2-C7A6-4159-ADB7-38E8C1B1460D}"
	ProjectSection(ProjectDependencies) = postProject
		{FCC60F32-B678-40B7-9226-9FBEB82B0FDA} = {FCC60F32-B678-40B7-9226-9FBEB82B0FDA}
	EndProjectSection
EndProject
Project("{9A19103F-16F7-4668-BE54-9A1E7A4F7556}") = "Xpand.XAF.Modules.SequenceGenerator", "SequenceGenerator\Xpand.XAF.Modules.SequenceGenerator.csproj", "{AA212429-F21D-4497-9090-64A3D396288E}"
	ProjectSection(ProjectDependencies) = postProject
		{58399364-9ACA-429F-A276-7F01E9E61D7D} = {58399364-9ACA-429F-A276-7F01E9E61D7D}
	EndProjectSection
EndProject
Project("{2150E333-8FDC-42A3-9474-1A3956D46DE8}") = "Logger", "Logger", "{09B2B381-4A9C-49D4-9B70-9DA9CD320E00}"
EndProject
Project("{2150E333-8FDC-42A3-9474-1A3956D46DE8}") = "Model", "Model", "{68AA5D54-E49D-45FC-B548-E2042DDD19BA}"
EndProject
Project("{2150E333-8FDC-42A3-9474-1A3956D46DE8}") = "Editors", "Editors", "{D8316350-1F76-42D7-922B-01E0E2C12905}"
EndProject
Project("{2150E333-8FDC-42A3-9474-1A3956D46DE8}") = "View", "View", "{74E52C63-A831-49FB-B1C6-5BDDA7A5AEFE}"
EndProject
Project("{2150E333-8FDC-42A3-9474-1A3956D46DE8}") = "Reactive", "Reactive", "{6A5A6D7B-EC29-44B7-BA2C-81413614FC5E}"
EndProject
Project("{2150E333-8FDC-42A3-9474-1A3956D46DE8}") = "Data", "Data", "{8978DDD6-5019-45C4-94AE-1187453A4026}"
EndProject
Project("{2150E333-8FDC-42A3-9474-1A3956D46DE8}") = "Office", "Office", "{C49DF3D6-B513-4C06-ACD6-4BA2E2FF02C8}"
EndProject
Project("{9A19103F-16F7-4668-BE54-9A1E7A4F7556}") = "Xpand.Extensions.Office.Cloud", "..\Extensions\Xpand.Extensions.Office.Cloud\Xpand.Extensions.Office.Cloud.csproj", "{EF33033B-F47B-43FF-B53C-FEA63EEA9021}"
	ProjectSection(ProjectDependencies) = postProject
		{58399364-9ACA-429F-A276-7F01E9E61D7D} = {58399364-9ACA-429F-A276-7F01E9E61D7D}
	EndProjectSection
EndProject
Project("{9A19103F-16F7-4668-BE54-9A1E7A4F7556}") = "Xpand.XAF.Modules.PositionInListView", "PositionInListview\Xpand.XAF.Modules.PositionInListView.csproj", "{255E47FF-6E55-4368-A90D-BD717AB51B7F}"
	ProjectSection(ProjectDependencies) = postProject
		{58399364-9ACA-429F-A276-7F01E9E61D7D} = {58399364-9ACA-429F-A276-7F01E9E61D7D}
	EndProjectSection
EndProject
Project("{9A19103F-16F7-4668-BE54-9A1E7A4F7556}") = "Xpand.XAF.Modules.ViewItemValue", "ViewItemValue\Xpand.XAF.Modules.ViewItemValue.csproj", "{125454E1-8A59-4765-8383-A24AC2F5BE0A}"
	ProjectSection(ProjectDependencies) = postProject
		{58399364-9ACA-429F-A276-7F01E9E61D7D} = {58399364-9ACA-429F-A276-7F01E9E61D7D}
	EndProjectSection
EndProject
Project("{9A19103F-16F7-4668-BE54-9A1E7A4F7556}") = "Xpand.XAF.Modules.ViewWizard", "ViewWizard\Xpand.XAF.Modules.ViewWizard.csproj", "{6D92353B-7E54-4BBB-AFB3-4E67439AF618}"
	ProjectSection(ProjectDependencies) = postProject
		{58399364-9ACA-429F-A276-7F01E9E61D7D} = {58399364-9ACA-429F-A276-7F01E9E61D7D}
	EndProjectSection
EndProject
Project("{2150E333-8FDC-42A3-9474-1A3956D46DE8}") = "Google", "Google", "{E16CA157-6DDC-4B3C-A78C-DA354B452353}"
EndProject
Project("{9A19103F-16F7-4668-BE54-9A1E7A4F7556}") = "Xpand.XAF.Modules.Office.Cloud.Google", "Office.Cloud.Google\Xpand.XAF.Modules.Office.Cloud.Google.csproj", "{0EB2E3E0-D407-44C8-87A8-28C5DDA51021}"
	ProjectSection(ProjectDependencies) = postProject
		{EF33033B-F47B-43FF-B53C-FEA63EEA9021} = {EF33033B-F47B-43FF-B53C-FEA63EEA9021}
	EndProjectSection
EndProject
Project("{9A19103F-16F7-4668-BE54-9A1E7A4F7556}") = "Xpand.XAF.Modules.Office.Cloud.Google.Tasks", "Office.Cloud.Google.Tasks\Xpand.XAF.Modules.Office.Cloud.Google.Tasks.csproj", "{B2170D1F-3D0B-4693-890D-8A9D3BE01FD0}"
	ProjectSection(ProjectDependencies) = postProject
		{0EB2E3E0-D407-44C8-87A8-28C5DDA51021} = {0EB2E3E0-D407-44C8-87A8-28C5DDA51021}
	EndProjectSection
EndProject
Project("{9A19103F-16F7-4668-BE54-9A1E7A4F7556}") = "Xpand.XAF.Modules.Office.Cloud.Google.Calendar", "Office.Cloud.Google.Calendar\Xpand.XAF.Modules.Office.Cloud.Google.Calendar.csproj", "{E6C713D8-13D3-405E-BF10-BB373116F98C}"
	ProjectSection(ProjectDependencies) = postProject
		{0EB2E3E0-D407-44C8-87A8-28C5DDA51021} = {0EB2E3E0-D407-44C8-87A8-28C5DDA51021}
	EndProjectSection
EndProject
Project("{2150E333-8FDC-42A3-9474-1A3956D46DE8}") = "Cloud", "Cloud", "{3CE6057A-EA16-49B8-A127-918944AD6A1E}"
EndProject
Project("{9A19103F-16F7-4668-BE54-9A1E7A4F7556}") = "Xpand.XAF.Modules.Office.DocumentStyleManager", "Office.DocumentStyleManager\Xpand.XAF.Modules.Office.DocumentStyleManager.csproj", "{CD368B52-2F68-4239-AB7B-AAC07B97E279}"
	ProjectSection(ProjectDependencies) = postProject
		{125454E1-8A59-4765-8383-A24AC2F5BE0A} = {125454E1-8A59-4765-8383-A24AC2F5BE0A}
		{58399364-9ACA-429F-A276-7F01E9E61D7D} = {58399364-9ACA-429F-A276-7F01E9E61D7D}
		{7D3556B8-8CF9-4622-94F1-0F28A7765D0E} = {7D3556B8-8CF9-4622-94F1-0F28A7765D0E}
		{B76C0852-B1B3-4663-98F5-808FA9AC2D30} = {B76C0852-B1B3-4663-98F5-808FA9AC2D30}
		{EF33033B-F47B-43FF-B53C-FEA63EEA9021} = {EF33033B-F47B-43FF-B53C-FEA63EEA9021}
	EndProjectSection
EndProject
Project("{9A19103F-16F7-4668-BE54-9A1E7A4F7556}") = "Xpand.Extensions.Office.Cloud.Google.Blazor", "..\Extensions\Xpand.Extensions.Office.Cloud.Google.Blazor\Xpand.Extensions.Office.Cloud.Google.Blazor.csproj", "{8834FDAA-BBB5-4BA7-A25F-3A4F55707ABE}"
	ProjectSection(ProjectDependencies) = postProject
		{0EB2E3E0-D407-44C8-87A8-28C5DDA51021} = {0EB2E3E0-D407-44C8-87A8-28C5DDA51021}
	EndProjectSection
EndProject
Project("{9A19103F-16F7-4668-BE54-9A1E7A4F7556}") = "Xpand.XAF.Modules.JobScheduler.Hangfire", "JobScheduler.Hangfire\Xpand.XAF.Modules.JobScheduler.Hangfire.csproj", "{A2B7513E-3653-47E3-82C7-C00A32CBF692}"
	ProjectSection(ProjectDependencies) = postProject
		{187981FC-4A03-46A1-B19B-01827CF5F379} = {187981FC-4A03-46A1-B19B-01827CF5F379}
		{58399364-9ACA-429F-A276-7F01E9E61D7D} = {58399364-9ACA-429F-A276-7F01E9E61D7D}
	EndProjectSection
EndProject
Project("{9A19103F-16F7-4668-BE54-9A1E7A4F7556}") = "Xpand.XAF.Modules.Blazor", "Blazor\Xpand.XAF.Modules.Blazor.csproj", "{187981FC-4A03-46A1-B19B-01827CF5F379}"
	ProjectSection(ProjectDependencies) = postProject
		{58399364-9ACA-429F-A276-7F01E9E61D7D} = {58399364-9ACA-429F-A276-7F01E9E61D7D}
	EndProjectSection
EndProject
Project("{2150E333-8FDC-42A3-9474-1A3956D46DE8}") = "Network", "Network", "{FF0B834E-CEE1-450F-AB35-B5045ABF2C56}"
EndProject
Project("{9A19103F-16F7-4668-BE54-9A1E7A4F7556}") = "Xpand.XAF.Modules.Reactive.Rest", "Reactive.Rest\Xpand.XAF.Modules.Reactive.Rest.csproj", "{AEEFF920-B496-4F3A-BC29-971995F07CCA}"
	ProjectSection(ProjectDependencies) = postProject
		{58399364-9ACA-429F-A276-7F01E9E61D7D} = {58399364-9ACA-429F-A276-7F01E9E61D7D}
	EndProjectSection
EndProject
Project("{9A19103F-16F7-4668-BE54-9A1E7A4F7556}") = "Xpand.XAF.Modules.Windows", "Windows\Xpand.XAF.Modules.Windows.csproj", "{ECE41E89-6D8D-4935-BDF3-27A705D05C6B}"
	ProjectSection(ProjectDependencies) = postProject
		{58399364-9ACA-429F-A276-7F01E9E61D7D} = {58399364-9ACA-429F-A276-7F01E9E61D7D}
	EndProjectSection
EndProject
Project("{2150E333-8FDC-42A3-9474-1A3956D46DE8}") = "Scheduler", "Scheduler", "{B08D6FF9-EB01-42E5-B0F4-DE738CB56C0A}"
EndProject
Project("{9A19103F-16F7-4668-BE54-9A1E7A4F7556}") = "Xpand.XAF.Modules.JobScheduler.Notification", "JobScheduler.Notification\Xpand.XAF.Modules.JobScheduler.Notification.csproj", "{1FF72C42-53F4-469B-AF00-D69238E27A26}"
	ProjectSection(ProjectDependencies) = postProject
		{A2B7513E-3653-47E3-82C7-C00A32CBF692} = {A2B7513E-3653-47E3-82C7-C00A32CBF692}
	EndProjectSection
EndProject
Project("{9A19103F-16F7-4668-BE54-9A1E7A4F7556}") = "Xpand.XAF.Modules.RazorView", "RazorView\Xpand.XAF.Modules.RazorView.csproj", "{ED44EA7B-A16E-4C8B-B8DA-F5DE64771167}"
	ProjectSection(ProjectDependencies) = postProject
		{58399364-9ACA-429F-A276-7F01E9E61D7D} = {58399364-9ACA-429F-A276-7F01E9E61D7D}
	EndProjectSection
EndProject
Project("{9A19103F-16F7-4668-BE54-9A1E7A4F7556}") = "Xpand.XAF.Modules.Email", "Email\Xpand.XAF.Modules.Email.csproj", "{E25CA9A0-F88E-48AC-B6B9-CE5F9218A7E5}"
	ProjectSection(ProjectDependencies) = postProject
		{58399364-9ACA-429F-A276-7F01E9E61D7D} = {58399364-9ACA-429F-A276-7F01E9E61D7D}
	EndProjectSection
EndProject
Project("{9A19103F-16F7-4668-BE54-9A1E7A4F7556}") = "Xpand.XAF.Modules.BulkObjectUpdate", "BulkObjectUpdate\Xpand.XAF.Modules.BulkObjectUpdate.csproj", "{2C5EE90C-C2A0-42B0-ABA9-16CC4F58F31C}"
	ProjectSection(ProjectDependencies) = postProject
		{58399364-9ACA-429F-A276-7F01E9E61D7D} = {58399364-9ACA-429F-A276-7F01E9E61D7D}
	EndProjectSection
EndProject
Project("{9A19103F-16F7-4668-BE54-9A1E7A4F7556}") = "Xpand.XAF.Modules.TenantManager", "TenantManager\Xpand.XAF.Modules.TenantManager.csproj", "{69DDD330-A6B3-4A5F-931D-E7709E87039C}"
	ProjectSection(ProjectDependencies) = postProject
		{187981FC-4A03-46A1-B19B-01827CF5F379} = {187981FC-4A03-46A1-B19B-01827CF5F379}
		{58399364-9ACA-429F-A276-7F01E9E61D7D} = {58399364-9ACA-429F-A276-7F01E9E61D7D}
	EndProjectSection
EndProject
Project("{9A19103F-16F7-4668-BE54-9A1E7A4F7556}") = "Xpand.XAF.Modules.StoreToDisk", "StoreToDisk\Xpand.XAF.Modules.StoreToDisk.csproj", "{8D1CCCA4-A275-487F-B2E4-04CF699DF7F5}"
	ProjectSection(ProjectDependencies) = postProject
		{58399364-9ACA-429F-A276-7F01E9E61D7D} = {58399364-9ACA-429F-A276-7F01E9E61D7D}
	EndProjectSection
EndProject
Project("{2150E333-8FDC-42A3-9474-1A3956D46DE8}") = "Azure", "Azure", "{5F3B64D2-5D8B-4546-A6F4-0695F2CDB978}"
EndProject
Project("{9A19103F-16F7-4668-BE54-9A1E7A4F7556}") = "Xpand.XAF.Modules.Speech", "Speech\Xpand.XAF.Modules.Speech.csproj", "{CB1D27EA-3078-4CC1-A645-120BAE6B0109}"
	ProjectSection(ProjectDependencies) = postProject
		{125454E1-8A59-4765-8383-A24AC2F5BE0A} = {125454E1-8A59-4765-8383-A24AC2F5BE0A}
		{194C38C8-A636-4570-A46D-2E8FE04C94C4} = {194C38C8-A636-4570-A46D-2E8FE04C94C4}
		{569F053B-D499-439B-93E2-62259D00B3F2} = {569F053B-D499-439B-93E2-62259D00B3F2}
		{58399364-9ACA-429F-A276-7F01E9E61D7D} = {58399364-9ACA-429F-A276-7F01E9E61D7D}
		{6D9F55AA-D9C1-462E-9057-29EFC8DCC3BB} = {6D9F55AA-D9C1-462E-9057-29EFC8DCC3BB}
		{B76C0852-B1B3-4663-98F5-808FA9AC2D30} = {B76C0852-B1B3-4663-98F5-808FA9AC2D30}
		{ECE41E89-6D8D-4935-BDF3-27A705D05C6B} = {ECE41E89-6D8D-4935-BDF3-27A705D05C6B}
		{FB456706-C7F0-455C-B2F1-D75B143FDC28} = {FB456706-C7F0-455C-B2F1-D75B143FDC28}
	EndProjectSection
EndProject
Project("{9A19103F-16F7-4668-BE54-9A1E7A4F7556}") = "Xpand.XAF.Modules.SpellChecker", "SpellChecker\Xpand.XAF.Modules.SpellChecker.csproj", "{569F053B-D499-439B-93E2-62259D00B3F2}"
	ProjectSection(ProjectDependencies) = postProject
		{58399364-9ACA-429F-A276-7F01E9E61D7D} = {58399364-9ACA-429F-A276-7F01E9E61D7D}
	EndProjectSection
EndProject
Project("{FAE04EC0-301F-11D3-BF4B-00C04F79EFBC}") = "Xpand.XAF.Modules.Telegram", "Telegram\Xpand.XAF.Modules.Telegram.csproj", "{EE30A17A-5A72-43E5-8ED3-3DC485BE9EC4}"
	ProjectSection(ProjectDependencies) = postProject
		{FB456706-C7F0-455C-B2F1-D75B143FDC28} = {FB456706-C7F0-455C-B2F1-D75B143FDC28}
		{58399364-9ACA-429F-A276-7F01E9E61D7D} = {58399364-9ACA-429F-A276-7F01E9E61D7D}
		{CD142186-64BE-452F-B9D9-1973BC2FB027} = {CD142186-64BE-452F-B9D9-1973BC2FB027}
	EndProjectSection
EndProject
Project("{FAE04EC0-301F-11D3-BF4B-00C04F79EFBC}") = "Xpand.XAF.Modules.Workflow", "Workflow\Xpand.XAF.Modules.Workflow.csproj", "{CD142186-64BE-452F-B9D9-1973BC2FB027}"
EndProject
Global
	GlobalSection(SolutionConfigurationPlatforms) = preSolution
		Debug|Any CPU = Debug|Any CPU
		EasyTest|Any CPU = EasyTest|Any CPU
		Release|Any CPU = Release|Any CPU
	EndGlobalSection
	GlobalSection(ProjectConfigurationPlatforms) = postSolution
		{5685573C-15E0-43DF-B939-D842211BA5ED}.Debug|Any CPU.ActiveCfg = Debug|Any CPU
		{5685573C-15E0-43DF-B939-D842211BA5ED}.Debug|Any CPU.Build.0 = Debug|Any CPU
		{5685573C-15E0-43DF-B939-D842211BA5ED}.EasyTest|Any CPU.ActiveCfg = Release|Any CPU
		{5685573C-15E0-43DF-B939-D842211BA5ED}.EasyTest|Any CPU.Build.0 = Release|Any CPU
		{5685573C-15E0-43DF-B939-D842211BA5ED}.Release|Any CPU.ActiveCfg = Release|Any CPU
		{5685573C-15E0-43DF-B939-D842211BA5ED}.Release|Any CPU.Build.0 = Release|Any CPU
		{6D9F55AA-D9C1-462E-9057-29EFC8DCC3BB}.Debug|Any CPU.ActiveCfg = Debug|Any CPU
		{6D9F55AA-D9C1-462E-9057-29EFC8DCC3BB}.Debug|Any CPU.Build.0 = Debug|Any CPU
		{6D9F55AA-D9C1-462E-9057-29EFC8DCC3BB}.EasyTest|Any CPU.ActiveCfg = Release|Any CPU
		{6D9F55AA-D9C1-462E-9057-29EFC8DCC3BB}.EasyTest|Any CPU.Build.0 = Release|Any CPU
		{6D9F55AA-D9C1-462E-9057-29EFC8DCC3BB}.Release|Any CPU.ActiveCfg = Release|Any CPU
		{6D9F55AA-D9C1-462E-9057-29EFC8DCC3BB}.Release|Any CPU.Build.0 = Release|Any CPU
		{FB456706-C7F0-455C-B2F1-D75B143FDC28}.Debug|Any CPU.ActiveCfg = Debug|Any CPU
		{FB456706-C7F0-455C-B2F1-D75B143FDC28}.Debug|Any CPU.Build.0 = Debug|Any CPU
		{FB456706-C7F0-455C-B2F1-D75B143FDC28}.EasyTest|Any CPU.ActiveCfg = Release|Any CPU
		{FB456706-C7F0-455C-B2F1-D75B143FDC28}.EasyTest|Any CPU.Build.0 = Release|Any CPU
		{FB456706-C7F0-455C-B2F1-D75B143FDC28}.Release|Any CPU.ActiveCfg = Release|Any CPU
		{FB456706-C7F0-455C-B2F1-D75B143FDC28}.Release|Any CPU.Build.0 = Release|Any CPU
		{79060F89-8991-476F-B536-6DCB5492178E}.Debug|Any CPU.ActiveCfg = Debug|Any CPU
		{79060F89-8991-476F-B536-6DCB5492178E}.Debug|Any CPU.Build.0 = Debug|Any CPU
		{79060F89-8991-476F-B536-6DCB5492178E}.EasyTest|Any CPU.ActiveCfg = Release|Any CPU
		{79060F89-8991-476F-B536-6DCB5492178E}.EasyTest|Any CPU.Build.0 = Release|Any CPU
		{79060F89-8991-476F-B536-6DCB5492178E}.Release|Any CPU.ActiveCfg = Release|Any CPU
		{79060F89-8991-476F-B536-6DCB5492178E}.Release|Any CPU.Build.0 = Release|Any CPU
		{194C38C8-A636-4570-A46D-2E8FE04C94C4}.Debug|Any CPU.ActiveCfg = Debug|Any CPU
		{194C38C8-A636-4570-A46D-2E8FE04C94C4}.Debug|Any CPU.Build.0 = Debug|Any CPU
		{194C38C8-A636-4570-A46D-2E8FE04C94C4}.EasyTest|Any CPU.ActiveCfg = Release|Any CPU
		{194C38C8-A636-4570-A46D-2E8FE04C94C4}.EasyTest|Any CPU.Build.0 = Release|Any CPU
		{194C38C8-A636-4570-A46D-2E8FE04C94C4}.Release|Any CPU.ActiveCfg = Release|Any CPU
		{194C38C8-A636-4570-A46D-2E8FE04C94C4}.Release|Any CPU.Build.0 = Release|Any CPU
		{58399364-9ACA-429F-A276-7F01E9E61D7D}.Debug|Any CPU.ActiveCfg = Debug|Any CPU
		{58399364-9ACA-429F-A276-7F01E9E61D7D}.Debug|Any CPU.Build.0 = Debug|Any CPU
		{58399364-9ACA-429F-A276-7F01E9E61D7D}.EasyTest|Any CPU.ActiveCfg = Release|Any CPU
		{58399364-9ACA-429F-A276-7F01E9E61D7D}.EasyTest|Any CPU.Build.0 = Release|Any CPU
		{58399364-9ACA-429F-A276-7F01E9E61D7D}.Release|Any CPU.ActiveCfg = Release|Any CPU
		{58399364-9ACA-429F-A276-7F01E9E61D7D}.Release|Any CPU.Build.0 = Release|Any CPU
		{7D3556B8-8CF9-4622-94F1-0F28A7765D0E}.Debug|Any CPU.ActiveCfg = Debug|Any CPU
		{7D3556B8-8CF9-4622-94F1-0F28A7765D0E}.Debug|Any CPU.Build.0 = Debug|Any CPU
		{7D3556B8-8CF9-4622-94F1-0F28A7765D0E}.EasyTest|Any CPU.ActiveCfg = Release|Any CPU
		{7D3556B8-8CF9-4622-94F1-0F28A7765D0E}.EasyTest|Any CPU.Build.0 = Release|Any CPU
		{7D3556B8-8CF9-4622-94F1-0F28A7765D0E}.Release|Any CPU.ActiveCfg = Release|Any CPU
		{7D3556B8-8CF9-4622-94F1-0F28A7765D0E}.Release|Any CPU.Build.0 = Release|Any CPU
		{D9233585-0907-4561-9C53-14D9AD5EEC0E}.Debug|Any CPU.ActiveCfg = Debug|Any CPU
		{D9233585-0907-4561-9C53-14D9AD5EEC0E}.Debug|Any CPU.Build.0 = Debug|Any CPU
		{D9233585-0907-4561-9C53-14D9AD5EEC0E}.EasyTest|Any CPU.ActiveCfg = Release|Any CPU
		{D9233585-0907-4561-9C53-14D9AD5EEC0E}.EasyTest|Any CPU.Build.0 = Release|Any CPU
		{D9233585-0907-4561-9C53-14D9AD5EEC0E}.Release|Any CPU.ActiveCfg = Release|Any CPU
		{D9233585-0907-4561-9C53-14D9AD5EEC0E}.Release|Any CPU.Build.0 = Release|Any CPU
		{B76C0852-B1B3-4663-98F5-808FA9AC2D30}.Debug|Any CPU.ActiveCfg = Debug|Any CPU
		{B76C0852-B1B3-4663-98F5-808FA9AC2D30}.Debug|Any CPU.Build.0 = Debug|Any CPU
		{B76C0852-B1B3-4663-98F5-808FA9AC2D30}.EasyTest|Any CPU.ActiveCfg = Release|Any CPU
		{B76C0852-B1B3-4663-98F5-808FA9AC2D30}.EasyTest|Any CPU.Build.0 = Release|Any CPU
		{B76C0852-B1B3-4663-98F5-808FA9AC2D30}.Release|Any CPU.ActiveCfg = Release|Any CPU
		{B76C0852-B1B3-4663-98F5-808FA9AC2D30}.Release|Any CPU.Build.0 = Release|Any CPU
		{5B65629B-E5C9-4686-967B-9AF271EA47EA}.Debug|Any CPU.ActiveCfg = Debug|Any CPU
		{5B65629B-E5C9-4686-967B-9AF271EA47EA}.Debug|Any CPU.Build.0 = Debug|Any CPU
		{5B65629B-E5C9-4686-967B-9AF271EA47EA}.EasyTest|Any CPU.ActiveCfg = Release|Any CPU
		{5B65629B-E5C9-4686-967B-9AF271EA47EA}.EasyTest|Any CPU.Build.0 = Release|Any CPU
		{5B65629B-E5C9-4686-967B-9AF271EA47EA}.Release|Any CPU.ActiveCfg = Release|Any CPU
		{5B65629B-E5C9-4686-967B-9AF271EA47EA}.Release|Any CPU.Build.0 = Release|Any CPU
		{F15810E7-4D84-4305-B9DE-74E7976C9018}.Debug|Any CPU.ActiveCfg = Debug|Any CPU
		{F15810E7-4D84-4305-B9DE-74E7976C9018}.Debug|Any CPU.Build.0 = Debug|Any CPU
		{F15810E7-4D84-4305-B9DE-74E7976C9018}.EasyTest|Any CPU.ActiveCfg = Release|Any CPU
		{F15810E7-4D84-4305-B9DE-74E7976C9018}.EasyTest|Any CPU.Build.0 = Release|Any CPU
		{F15810E7-4D84-4305-B9DE-74E7976C9018}.Release|Any CPU.ActiveCfg = Release|Any CPU
		{F15810E7-4D84-4305-B9DE-74E7976C9018}.Release|Any CPU.Build.0 = Release|Any CPU
		{D7B0A652-605F-4C0F-B543-FC3FBD568DF3}.Debug|Any CPU.ActiveCfg = Debug|Any CPU
		{D7B0A652-605F-4C0F-B543-FC3FBD568DF3}.Debug|Any CPU.Build.0 = Debug|Any CPU
		{D7B0A652-605F-4C0F-B543-FC3FBD568DF3}.EasyTest|Any CPU.ActiveCfg = Debug|Any CPU
		{D7B0A652-605F-4C0F-B543-FC3FBD568DF3}.EasyTest|Any CPU.Build.0 = Debug|Any CPU
		{D7B0A652-605F-4C0F-B543-FC3FBD568DF3}.Release|Any CPU.ActiveCfg = Release|Any CPU
		{D7B0A652-605F-4C0F-B543-FC3FBD568DF3}.Release|Any CPU.Build.0 = Release|Any CPU
		{4C3ED41A-EB50-4A59-9A38-0BDBC1967C06}.Debug|Any CPU.ActiveCfg = Debug|Any CPU
		{4C3ED41A-EB50-4A59-9A38-0BDBC1967C06}.Debug|Any CPU.Build.0 = Debug|Any CPU
		{4C3ED41A-EB50-4A59-9A38-0BDBC1967C06}.EasyTest|Any CPU.ActiveCfg = Debug|Any CPU
		{4C3ED41A-EB50-4A59-9A38-0BDBC1967C06}.EasyTest|Any CPU.Build.0 = Debug|Any CPU
		{4C3ED41A-EB50-4A59-9A38-0BDBC1967C06}.Release|Any CPU.ActiveCfg = Release|Any CPU
		{4C3ED41A-EB50-4A59-9A38-0BDBC1967C06}.Release|Any CPU.Build.0 = Release|Any CPU
		{FCC60F32-B678-40B7-9226-9FBEB82B0FDA}.Debug|Any CPU.ActiveCfg = Debug|Any CPU
		{FCC60F32-B678-40B7-9226-9FBEB82B0FDA}.Debug|Any CPU.Build.0 = Debug|Any CPU
		{FCC60F32-B678-40B7-9226-9FBEB82B0FDA}.EasyTest|Any CPU.ActiveCfg = Debug|Any CPU
		{FCC60F32-B678-40B7-9226-9FBEB82B0FDA}.EasyTest|Any CPU.Build.0 = Debug|Any CPU
		{FCC60F32-B678-40B7-9226-9FBEB82B0FDA}.Release|Any CPU.ActiveCfg = Debug|Any CPU
		{FCC60F32-B678-40B7-9226-9FBEB82B0FDA}.Release|Any CPU.Build.0 = Debug|Any CPU
		{F929A9D2-7C98-4138-8F2B-C3D3A8464710}.Debug|Any CPU.ActiveCfg = Debug|Any CPU
		{F929A9D2-7C98-4138-8F2B-C3D3A8464710}.Debug|Any CPU.Build.0 = Debug|Any CPU
		{F929A9D2-7C98-4138-8F2B-C3D3A8464710}.EasyTest|Any CPU.ActiveCfg = Debug|Any CPU
		{F929A9D2-7C98-4138-8F2B-C3D3A8464710}.EasyTest|Any CPU.Build.0 = Debug|Any CPU
		{F929A9D2-7C98-4138-8F2B-C3D3A8464710}.Release|Any CPU.ActiveCfg = Debug|Any CPU
		{F929A9D2-7C98-4138-8F2B-C3D3A8464710}.Release|Any CPU.Build.0 = Debug|Any CPU
		{4C65406D-13A1-488F-8945-9C38DBC6ECD5}.Debug|Any CPU.ActiveCfg = Debug|Any CPU
		{4C65406D-13A1-488F-8945-9C38DBC6ECD5}.Debug|Any CPU.Build.0 = Debug|Any CPU
		{4C65406D-13A1-488F-8945-9C38DBC6ECD5}.EasyTest|Any CPU.ActiveCfg = Debug|Any CPU
		{4C65406D-13A1-488F-8945-9C38DBC6ECD5}.EasyTest|Any CPU.Build.0 = Debug|Any CPU
		{4C65406D-13A1-488F-8945-9C38DBC6ECD5}.Release|Any CPU.ActiveCfg = Release|Any CPU
		{4C65406D-13A1-488F-8945-9C38DBC6ECD5}.Release|Any CPU.Build.0 = Release|Any CPU
		{F81172D2-C7A6-4159-ADB7-38E8C1B1460D}.Debug|Any CPU.ActiveCfg = Debug|Any CPU
		{F81172D2-C7A6-4159-ADB7-38E8C1B1460D}.Debug|Any CPU.Build.0 = Debug|Any CPU
		{F81172D2-C7A6-4159-ADB7-38E8C1B1460D}.EasyTest|Any CPU.ActiveCfg = Debug|Any CPU
		{F81172D2-C7A6-4159-ADB7-38E8C1B1460D}.EasyTest|Any CPU.Build.0 = Debug|Any CPU
		{F81172D2-C7A6-4159-ADB7-38E8C1B1460D}.Release|Any CPU.ActiveCfg = Release|Any CPU
		{F81172D2-C7A6-4159-ADB7-38E8C1B1460D}.Release|Any CPU.Build.0 = Release|Any CPU
		{AA212429-F21D-4497-9090-64A3D396288E}.Debug|Any CPU.ActiveCfg = Debug|Any CPU
		{AA212429-F21D-4497-9090-64A3D396288E}.Debug|Any CPU.Build.0 = Debug|Any CPU
		{AA212429-F21D-4497-9090-64A3D396288E}.EasyTest|Any CPU.ActiveCfg = Debug|Any CPU
		{AA212429-F21D-4497-9090-64A3D396288E}.EasyTest|Any CPU.Build.0 = Debug|Any CPU
		{AA212429-F21D-4497-9090-64A3D396288E}.Release|Any CPU.ActiveCfg = Release|Any CPU
		{AA212429-F21D-4497-9090-64A3D396288E}.Release|Any CPU.Build.0 = Release|Any CPU
		{EF33033B-F47B-43FF-B53C-FEA63EEA9021}.Debug|Any CPU.ActiveCfg = Debug|Any CPU
		{EF33033B-F47B-43FF-B53C-FEA63EEA9021}.Debug|Any CPU.Build.0 = Debug|Any CPU
		{EF33033B-F47B-43FF-B53C-FEA63EEA9021}.EasyTest|Any CPU.ActiveCfg = Debug|Any CPU
		{EF33033B-F47B-43FF-B53C-FEA63EEA9021}.EasyTest|Any CPU.Build.0 = Debug|Any CPU
		{EF33033B-F47B-43FF-B53C-FEA63EEA9021}.Release|Any CPU.ActiveCfg = Release|Any CPU
		{EF33033B-F47B-43FF-B53C-FEA63EEA9021}.Release|Any CPU.Build.0 = Release|Any CPU
		{255E47FF-6E55-4368-A90D-BD717AB51B7F}.Debug|Any CPU.ActiveCfg = Debug|Any CPU
		{255E47FF-6E55-4368-A90D-BD717AB51B7F}.Debug|Any CPU.Build.0 = Debug|Any CPU
		{255E47FF-6E55-4368-A90D-BD717AB51B7F}.EasyTest|Any CPU.ActiveCfg = Debug|Any CPU
		{255E47FF-6E55-4368-A90D-BD717AB51B7F}.EasyTest|Any CPU.Build.0 = Debug|Any CPU
		{255E47FF-6E55-4368-A90D-BD717AB51B7F}.Release|Any CPU.ActiveCfg = Release|Any CPU
		{255E47FF-6E55-4368-A90D-BD717AB51B7F}.Release|Any CPU.Build.0 = Release|Any CPU
		{125454E1-8A59-4765-8383-A24AC2F5BE0A}.Debug|Any CPU.ActiveCfg = Debug|Any CPU
		{125454E1-8A59-4765-8383-A24AC2F5BE0A}.Debug|Any CPU.Build.0 = Debug|Any CPU
		{125454E1-8A59-4765-8383-A24AC2F5BE0A}.EasyTest|Any CPU.ActiveCfg = Debug|Any CPU
		{125454E1-8A59-4765-8383-A24AC2F5BE0A}.EasyTest|Any CPU.Build.0 = Debug|Any CPU
		{125454E1-8A59-4765-8383-A24AC2F5BE0A}.Release|Any CPU.ActiveCfg = Release|Any CPU
		{125454E1-8A59-4765-8383-A24AC2F5BE0A}.Release|Any CPU.Build.0 = Release|Any CPU
		{6D92353B-7E54-4BBB-AFB3-4E67439AF618}.Debug|Any CPU.ActiveCfg = Debug|Any CPU
		{6D92353B-7E54-4BBB-AFB3-4E67439AF618}.Debug|Any CPU.Build.0 = Debug|Any CPU
		{6D92353B-7E54-4BBB-AFB3-4E67439AF618}.EasyTest|Any CPU.ActiveCfg = Debug|Any CPU
		{6D92353B-7E54-4BBB-AFB3-4E67439AF618}.EasyTest|Any CPU.Build.0 = Debug|Any CPU
		{6D92353B-7E54-4BBB-AFB3-4E67439AF618}.Release|Any CPU.ActiveCfg = Release|Any CPU
		{6D92353B-7E54-4BBB-AFB3-4E67439AF618}.Release|Any CPU.Build.0 = Release|Any CPU
		{0EB2E3E0-D407-44C8-87A8-28C5DDA51021}.Debug|Any CPU.ActiveCfg = Debug|Any CPU
		{0EB2E3E0-D407-44C8-87A8-28C5DDA51021}.Debug|Any CPU.Build.0 = Debug|Any CPU
		{0EB2E3E0-D407-44C8-87A8-28C5DDA51021}.EasyTest|Any CPU.ActiveCfg = Debug|Any CPU
		{0EB2E3E0-D407-44C8-87A8-28C5DDA51021}.EasyTest|Any CPU.Build.0 = Debug|Any CPU
		{0EB2E3E0-D407-44C8-87A8-28C5DDA51021}.Release|Any CPU.ActiveCfg = Release|Any CPU
		{0EB2E3E0-D407-44C8-87A8-28C5DDA51021}.Release|Any CPU.Build.0 = Release|Any CPU
		{B2170D1F-3D0B-4693-890D-8A9D3BE01FD0}.Debug|Any CPU.ActiveCfg = Debug|Any CPU
		{B2170D1F-3D0B-4693-890D-8A9D3BE01FD0}.Debug|Any CPU.Build.0 = Debug|Any CPU
		{B2170D1F-3D0B-4693-890D-8A9D3BE01FD0}.EasyTest|Any CPU.ActiveCfg = Debug|Any CPU
		{B2170D1F-3D0B-4693-890D-8A9D3BE01FD0}.EasyTest|Any CPU.Build.0 = Debug|Any CPU
		{B2170D1F-3D0B-4693-890D-8A9D3BE01FD0}.Release|Any CPU.ActiveCfg = Release|Any CPU
		{B2170D1F-3D0B-4693-890D-8A9D3BE01FD0}.Release|Any CPU.Build.0 = Release|Any CPU
		{E6C713D8-13D3-405E-BF10-BB373116F98C}.Debug|Any CPU.ActiveCfg = Debug|Any CPU
		{E6C713D8-13D3-405E-BF10-BB373116F98C}.Debug|Any CPU.Build.0 = Debug|Any CPU
		{E6C713D8-13D3-405E-BF10-BB373116F98C}.EasyTest|Any CPU.ActiveCfg = Debug|Any CPU
		{E6C713D8-13D3-405E-BF10-BB373116F98C}.EasyTest|Any CPU.Build.0 = Debug|Any CPU
		{E6C713D8-13D3-405E-BF10-BB373116F98C}.Release|Any CPU.ActiveCfg = Release|Any CPU
		{E6C713D8-13D3-405E-BF10-BB373116F98C}.Release|Any CPU.Build.0 = Release|Any CPU
		{CD368B52-2F68-4239-AB7B-AAC07B97E279}.Debug|Any CPU.ActiveCfg = Debug|Any CPU
		{CD368B52-2F68-4239-AB7B-AAC07B97E279}.Debug|Any CPU.Build.0 = Debug|Any CPU
		{CD368B52-2F68-4239-AB7B-AAC07B97E279}.EasyTest|Any CPU.ActiveCfg = Release|Any CPU
		{CD368B52-2F68-4239-AB7B-AAC07B97E279}.EasyTest|Any CPU.Build.0 = Release|Any CPU
		{CD368B52-2F68-4239-AB7B-AAC07B97E279}.Release|Any CPU.ActiveCfg = Release|Any CPU
		{CD368B52-2F68-4239-AB7B-AAC07B97E279}.Release|Any CPU.Build.0 = Release|Any CPU
		{8834FDAA-BBB5-4BA7-A25F-3A4F55707ABE}.Debug|Any CPU.ActiveCfg = Debug|Any CPU
		{8834FDAA-BBB5-4BA7-A25F-3A4F55707ABE}.Debug|Any CPU.Build.0 = Debug|Any CPU
		{8834FDAA-BBB5-4BA7-A25F-3A4F55707ABE}.EasyTest|Any CPU.ActiveCfg = Release|Any CPU
		{8834FDAA-BBB5-4BA7-A25F-3A4F55707ABE}.EasyTest|Any CPU.Build.0 = Release|Any CPU
		{8834FDAA-BBB5-4BA7-A25F-3A4F55707ABE}.Release|Any CPU.ActiveCfg = Release|Any CPU
		{8834FDAA-BBB5-4BA7-A25F-3A4F55707ABE}.Release|Any CPU.Build.0 = Release|Any CPU
		{A2B7513E-3653-47E3-82C7-C00A32CBF692}.Debug|Any CPU.ActiveCfg = Debug|Any CPU
		{A2B7513E-3653-47E3-82C7-C00A32CBF692}.Debug|Any CPU.Build.0 = Debug|Any CPU
		{A2B7513E-3653-47E3-82C7-C00A32CBF692}.EasyTest|Any CPU.ActiveCfg = Release|Any CPU
		{A2B7513E-3653-47E3-82C7-C00A32CBF692}.EasyTest|Any CPU.Build.0 = Release|Any CPU
		{A2B7513E-3653-47E3-82C7-C00A32CBF692}.Release|Any CPU.ActiveCfg = Release|Any CPU
		{A2B7513E-3653-47E3-82C7-C00A32CBF692}.Release|Any CPU.Build.0 = Release|Any CPU
		{187981FC-4A03-46A1-B19B-01827CF5F379}.Debug|Any CPU.ActiveCfg = Debug|Any CPU
		{187981FC-4A03-46A1-B19B-01827CF5F379}.Debug|Any CPU.Build.0 = Debug|Any CPU
		{187981FC-4A03-46A1-B19B-01827CF5F379}.EasyTest|Any CPU.ActiveCfg = Debug|Any CPU
		{187981FC-4A03-46A1-B19B-01827CF5F379}.EasyTest|Any CPU.Build.0 = Debug|Any CPU
		{187981FC-4A03-46A1-B19B-01827CF5F379}.Release|Any CPU.ActiveCfg = Release|Any CPU
		{187981FC-4A03-46A1-B19B-01827CF5F379}.Release|Any CPU.Build.0 = Release|Any CPU
		{AEEFF920-B496-4F3A-BC29-971995F07CCA}.Debug|Any CPU.ActiveCfg = Debug|Any CPU
		{AEEFF920-B496-4F3A-BC29-971995F07CCA}.Debug|Any CPU.Build.0 = Debug|Any CPU
		{AEEFF920-B496-4F3A-BC29-971995F07CCA}.EasyTest|Any CPU.ActiveCfg = Debug|Any CPU
		{AEEFF920-B496-4F3A-BC29-971995F07CCA}.EasyTest|Any CPU.Build.0 = Debug|Any CPU
		{AEEFF920-B496-4F3A-BC29-971995F07CCA}.Release|Any CPU.ActiveCfg = Release|Any CPU
		{AEEFF920-B496-4F3A-BC29-971995F07CCA}.Release|Any CPU.Build.0 = Release|Any CPU
		{ECE41E89-6D8D-4935-BDF3-27A705D05C6B}.Debug|Any CPU.ActiveCfg = Debug|Any CPU
		{ECE41E89-6D8D-4935-BDF3-27A705D05C6B}.Debug|Any CPU.Build.0 = Debug|Any CPU
		{ECE41E89-6D8D-4935-BDF3-27A705D05C6B}.EasyTest|Any CPU.ActiveCfg = Debug|Any CPU
		{ECE41E89-6D8D-4935-BDF3-27A705D05C6B}.EasyTest|Any CPU.Build.0 = Debug|Any CPU
		{ECE41E89-6D8D-4935-BDF3-27A705D05C6B}.Release|Any CPU.ActiveCfg = Release|Any CPU
		{ECE41E89-6D8D-4935-BDF3-27A705D05C6B}.Release|Any CPU.Build.0 = Release|Any CPU
		{1FF72C42-53F4-469B-AF00-D69238E27A26}.Debug|Any CPU.ActiveCfg = Debug|Any CPU
		{1FF72C42-53F4-469B-AF00-D69238E27A26}.Debug|Any CPU.Build.0 = Debug|Any CPU
		{1FF72C42-53F4-469B-AF00-D69238E27A26}.EasyTest|Any CPU.ActiveCfg = Debug|Any CPU
		{1FF72C42-53F4-469B-AF00-D69238E27A26}.EasyTest|Any CPU.Build.0 = Debug|Any CPU
		{1FF72C42-53F4-469B-AF00-D69238E27A26}.Release|Any CPU.ActiveCfg = Release|Any CPU
		{1FF72C42-53F4-469B-AF00-D69238E27A26}.Release|Any CPU.Build.0 = Release|Any CPU
		{ED44EA7B-A16E-4C8B-B8DA-F5DE64771167}.Debug|Any CPU.ActiveCfg = Debug|Any CPU
		{ED44EA7B-A16E-4C8B-B8DA-F5DE64771167}.Debug|Any CPU.Build.0 = Debug|Any CPU
		{ED44EA7B-A16E-4C8B-B8DA-F5DE64771167}.EasyTest|Any CPU.ActiveCfg = Debug|Any CPU
		{ED44EA7B-A16E-4C8B-B8DA-F5DE64771167}.EasyTest|Any CPU.Build.0 = Debug|Any CPU
		{ED44EA7B-A16E-4C8B-B8DA-F5DE64771167}.Release|Any CPU.ActiveCfg = Release|Any CPU
		{ED44EA7B-A16E-4C8B-B8DA-F5DE64771167}.Release|Any CPU.Build.0 = Release|Any CPU
		{E25CA9A0-F88E-48AC-B6B9-CE5F9218A7E5}.Debug|Any CPU.ActiveCfg = Debug|Any CPU
		{E25CA9A0-F88E-48AC-B6B9-CE5F9218A7E5}.Debug|Any CPU.Build.0 = Debug|Any CPU
		{E25CA9A0-F88E-48AC-B6B9-CE5F9218A7E5}.EasyTest|Any CPU.ActiveCfg = Debug|Any CPU
		{E25CA9A0-F88E-48AC-B6B9-CE5F9218A7E5}.EasyTest|Any CPU.Build.0 = Debug|Any CPU
		{E25CA9A0-F88E-48AC-B6B9-CE5F9218A7E5}.Release|Any CPU.ActiveCfg = Release|Any CPU
		{E25CA9A0-F88E-48AC-B6B9-CE5F9218A7E5}.Release|Any CPU.Build.0 = Release|Any CPU
		{2C5EE90C-C2A0-42B0-ABA9-16CC4F58F31C}.Debug|Any CPU.ActiveCfg = Debug|Any CPU
		{2C5EE90C-C2A0-42B0-ABA9-16CC4F58F31C}.Debug|Any CPU.Build.0 = Debug|Any CPU
		{2C5EE90C-C2A0-42B0-ABA9-16CC4F58F31C}.EasyTest|Any CPU.ActiveCfg = Debug|Any CPU
		{2C5EE90C-C2A0-42B0-ABA9-16CC4F58F31C}.EasyTest|Any CPU.Build.0 = Debug|Any CPU
		{2C5EE90C-C2A0-42B0-ABA9-16CC4F58F31C}.Release|Any CPU.ActiveCfg = Release|Any CPU
		{2C5EE90C-C2A0-42B0-ABA9-16CC4F58F31C}.Release|Any CPU.Build.0 = Release|Any CPU
		{69DDD330-A6B3-4A5F-931D-E7709E87039C}.Debug|Any CPU.ActiveCfg = Debug|Any CPU
		{69DDD330-A6B3-4A5F-931D-E7709E87039C}.Debug|Any CPU.Build.0 = Debug|Any CPU
		{69DDD330-A6B3-4A5F-931D-E7709E87039C}.EasyTest|Any CPU.ActiveCfg = Debug|Any CPU
		{69DDD330-A6B3-4A5F-931D-E7709E87039C}.EasyTest|Any CPU.Build.0 = Debug|Any CPU
		{69DDD330-A6B3-4A5F-931D-E7709E87039C}.Release|Any CPU.ActiveCfg = Release|Any CPU
		{69DDD330-A6B3-4A5F-931D-E7709E87039C}.Release|Any CPU.Build.0 = Release|Any CPU
		{8D1CCCA4-A275-487F-B2E4-04CF699DF7F5}.Debug|Any CPU.ActiveCfg = Debug|Any CPU
		{8D1CCCA4-A275-487F-B2E4-04CF699DF7F5}.Debug|Any CPU.Build.0 = Debug|Any CPU
		{8D1CCCA4-A275-487F-B2E4-04CF699DF7F5}.EasyTest|Any CPU.ActiveCfg = Debug|Any CPU
		{8D1CCCA4-A275-487F-B2E4-04CF699DF7F5}.EasyTest|Any CPU.Build.0 = Debug|Any CPU
		{8D1CCCA4-A275-487F-B2E4-04CF699DF7F5}.Release|Any CPU.ActiveCfg = Release|Any CPU
		{8D1CCCA4-A275-487F-B2E4-04CF699DF7F5}.Release|Any CPU.Build.0 = Release|Any CPU
		{CB1D27EA-3078-4CC1-A645-120BAE6B0109}.Debug|Any CPU.ActiveCfg = Debug|Any CPU
		{CB1D27EA-3078-4CC1-A645-120BAE6B0109}.Debug|Any CPU.Build.0 = Debug|Any CPU
		{CB1D27EA-3078-4CC1-A645-120BAE6B0109}.EasyTest|Any CPU.ActiveCfg = Debug|Any CPU
		{CB1D27EA-3078-4CC1-A645-120BAE6B0109}.EasyTest|Any CPU.Build.0 = Debug|Any CPU
		{CB1D27EA-3078-4CC1-A645-120BAE6B0109}.Release|Any CPU.ActiveCfg = Release|Any CPU
		{CB1D27EA-3078-4CC1-A645-120BAE6B0109}.Release|Any CPU.Build.0 = Release|Any CPU
		{569F053B-D499-439B-93E2-62259D00B3F2}.Debug|Any CPU.ActiveCfg = Debug|Any CPU
		{569F053B-D499-439B-93E2-62259D00B3F2}.Debug|Any CPU.Build.0 = Debug|Any CPU
		{569F053B-D499-439B-93E2-62259D00B3F2}.EasyTest|Any CPU.ActiveCfg = Debug|Any CPU
		{569F053B-D499-439B-93E2-62259D00B3F2}.EasyTest|Any CPU.Build.0 = Debug|Any CPU
		{569F053B-D499-439B-93E2-62259D00B3F2}.Release|Any CPU.ActiveCfg = Release|Any CPU
		{569F053B-D499-439B-93E2-62259D00B3F2}.Release|Any CPU.Build.0 = Release|Any CPU
		{EE30A17A-5A72-43E5-8ED3-3DC485BE9EC4}.Debug|Any CPU.ActiveCfg = Debug|Any CPU
		{EE30A17A-5A72-43E5-8ED3-3DC485BE9EC4}.Debug|Any CPU.Build.0 = Debug|Any CPU
		{EE30A17A-5A72-43E5-8ED3-3DC485BE9EC4}.EasyTest|Any CPU.ActiveCfg = Debug|Any CPU
		{EE30A17A-5A72-43E5-8ED3-3DC485BE9EC4}.EasyTest|Any CPU.Build.0 = Debug|Any CPU
		{EE30A17A-5A72-43E5-8ED3-3DC485BE9EC4}.Release|Any CPU.ActiveCfg = Release|Any CPU
		{EE30A17A-5A72-43E5-8ED3-3DC485BE9EC4}.Release|Any CPU.Build.0 = Release|Any CPU
		{CD142186-64BE-452F-B9D9-1973BC2FB027}.Debug|Any CPU.ActiveCfg = Debug|Any CPU
		{CD142186-64BE-452F-B9D9-1973BC2FB027}.Debug|Any CPU.Build.0 = Debug|Any CPU
		{CD142186-64BE-452F-B9D9-1973BC2FB027}.EasyTest|Any CPU.ActiveCfg = Debug|Any CPU
		{CD142186-64BE-452F-B9D9-1973BC2FB027}.EasyTest|Any CPU.Build.0 = Debug|Any CPU
		{CD142186-64BE-452F-B9D9-1973BC2FB027}.Release|Any CPU.ActiveCfg = Release|Any CPU
		{CD142186-64BE-452F-B9D9-1973BC2FB027}.Release|Any CPU.Build.0 = Release|Any CPU
	EndGlobalSection
	GlobalSection(SolutionProperties) = preSolution
		HideSolutionNode = FALSE
	EndGlobalSection
	GlobalSection(NestedProjects) = preSolution
		{5685573C-15E0-43DF-B939-D842211BA5ED} = {8978DDD6-5019-45C4-94AE-1187453A4026}
		{6D9F55AA-D9C1-462E-9057-29EFC8DCC3BB} = {8978DDD6-5019-45C4-94AE-1187453A4026}
		{FB456706-C7F0-455C-B2F1-D75B143FDC28} = {68AA5D54-E49D-45FC-B548-E2042DDD19BA}
		{79060F89-8991-476F-B536-6DCB5492178E} = {74E52C63-A831-49FB-B1C6-5BDDA7A5AEFE}
		{194C38C8-A636-4570-A46D-2E8FE04C94C4} = {68AA5D54-E49D-45FC-B548-E2042DDD19BA}
		{58399364-9ACA-429F-A276-7F01E9E61D7D} = {6A5A6D7B-EC29-44B7-BA2C-81413614FC5E}
		{7D3556B8-8CF9-4622-94F1-0F28A7765D0E} = {74E52C63-A831-49FB-B1C6-5BDDA7A5AEFE}
		{D9233585-0907-4561-9C53-14D9AD5EEC0E} = {74E52C63-A831-49FB-B1C6-5BDDA7A5AEFE}
		{B76C0852-B1B3-4663-98F5-808FA9AC2D30} = {74E52C63-A831-49FB-B1C6-5BDDA7A5AEFE}
		{5B65629B-E5C9-4686-967B-9AF271EA47EA} = {D8316350-1F76-42D7-922B-01E0E2C12905}
		{F15810E7-4D84-4305-B9DE-74E7976C9018} = {68AA5D54-E49D-45FC-B548-E2042DDD19BA}
		{D7B0A652-605F-4C0F-B543-FC3FBD568DF3} = {D8316350-1F76-42D7-922B-01E0E2C12905}
		{4C3ED41A-EB50-4A59-9A38-0BDBC1967C06} = {74E52C63-A831-49FB-B1C6-5BDDA7A5AEFE}
		{FCC60F32-B678-40B7-9226-9FBEB82B0FDA} = {09B2B381-4A9C-49D4-9B70-9DA9CD320E00}
		{F929A9D2-7C98-4138-8F2B-C3D3A8464710} = {09B2B381-4A9C-49D4-9B70-9DA9CD320E00}
		{4C65406D-13A1-488F-8945-9C38DBC6ECD5} = {74E52C63-A831-49FB-B1C6-5BDDA7A5AEFE}
		{F81172D2-C7A6-4159-ADB7-38E8C1B1460D} = {09B2B381-4A9C-49D4-9B70-9DA9CD320E00}
		{AA212429-F21D-4497-9090-64A3D396288E} = {8978DDD6-5019-45C4-94AE-1187453A4026}
		{09B2B381-4A9C-49D4-9B70-9DA9CD320E00} = {6A5A6D7B-EC29-44B7-BA2C-81413614FC5E}
		{EF33033B-F47B-43FF-B53C-FEA63EEA9021} = {3CE6057A-EA16-49B8-A127-918944AD6A1E}
		{255E47FF-6E55-4368-A90D-BD717AB51B7F} = {74E52C63-A831-49FB-B1C6-5BDDA7A5AEFE}
		{125454E1-8A59-4765-8383-A24AC2F5BE0A} = {74E52C63-A831-49FB-B1C6-5BDDA7A5AEFE}
		{6D92353B-7E54-4BBB-AFB3-4E67439AF618} = {74E52C63-A831-49FB-B1C6-5BDDA7A5AEFE}
		{E16CA157-6DDC-4B3C-A78C-DA354B452353} = {3CE6057A-EA16-49B8-A127-918944AD6A1E}
		{0EB2E3E0-D407-44C8-87A8-28C5DDA51021} = {E16CA157-6DDC-4B3C-A78C-DA354B452353}
		{B2170D1F-3D0B-4693-890D-8A9D3BE01FD0} = {E16CA157-6DDC-4B3C-A78C-DA354B452353}
		{E6C713D8-13D3-405E-BF10-BB373116F98C} = {E16CA157-6DDC-4B3C-A78C-DA354B452353}
		{3CE6057A-EA16-49B8-A127-918944AD6A1E} = {C49DF3D6-B513-4C06-ACD6-4BA2E2FF02C8}
		{CD368B52-2F68-4239-AB7B-AAC07B97E279} = {C49DF3D6-B513-4C06-ACD6-4BA2E2FF02C8}
		{8834FDAA-BBB5-4BA7-A25F-3A4F55707ABE} = {E16CA157-6DDC-4B3C-A78C-DA354B452353}
		{A2B7513E-3653-47E3-82C7-C00A32CBF692} = {B08D6FF9-EB01-42E5-B0F4-DE738CB56C0A}
		{AEEFF920-B496-4F3A-BC29-971995F07CCA} = {FF0B834E-CEE1-450F-AB35-B5045ABF2C56}
		{1FF72C42-53F4-469B-AF00-D69238E27A26} = {B08D6FF9-EB01-42E5-B0F4-DE738CB56C0A}
		{ED44EA7B-A16E-4C8B-B8DA-F5DE64771167} = {C49DF3D6-B513-4C06-ACD6-4BA2E2FF02C8}
		{E25CA9A0-F88E-48AC-B6B9-CE5F9218A7E5} = {C49DF3D6-B513-4C06-ACD6-4BA2E2FF02C8}
		{2C5EE90C-C2A0-42B0-ABA9-16CC4F58F31C} = {8978DDD6-5019-45C4-94AE-1187453A4026}
		{69DDD330-A6B3-4A5F-931D-E7709E87039C} = {5F3B64D2-5D8B-4546-A6F4-0695F2CDB978}
		{8D1CCCA4-A275-487F-B2E4-04CF699DF7F5} = {8978DDD6-5019-45C4-94AE-1187453A4026}
		{CB1D27EA-3078-4CC1-A645-120BAE6B0109} = {5F3B64D2-5D8B-4546-A6F4-0695F2CDB978}
		{569F053B-D499-439B-93E2-62259D00B3F2} = {C49DF3D6-B513-4C06-ACD6-4BA2E2FF02C8}
		{EE30A17A-5A72-43E5-8ED3-3DC485BE9EC4} = {FF0B834E-CEE1-450F-AB35-B5045ABF2C56}
		{CD142186-64BE-452F-B9D9-1973BC2FB027} = {B08D6FF9-EB01-42E5-B0F4-DE738CB56C0A}
	EndGlobalSection
	GlobalSection(ExtensibilityGlobals) = postSolution
		SolutionGuid = {ADFDF91F-E839-4378-9136-C917729594E2}
	EndGlobalSection
EndGlobal
