
Microsoft Visual Studio Solution File, Format Version 12.00
# Visual Studio 15
VisualStudioVersion = 15.0.28307.136
MinimumVisualStudioVersion = 10.0.40219.1
Project("{FAE04EC0-301F-11D3-BF4B-00C04F79EFBC}") = "Xpand.XAF.Modules.ModelViewInheritance", "Agnostic\ModelViewInheritance\Xpand.XAF.Modules.ModelViewInheritance.csproj", "{194C38C8-A636-4570-A46D-2E8FE04C94C4}"
EndProject
Project("{FAE04EC0-301F-11D3-BF4B-00C04F79EFBC}") = "Xpand.XAF.Modules.Reactive", "Agnostic\Reactive\Xpand.XAF.Modules.Reactive.csproj", "{58399364-9ACA-429F-A276-7F01E9E61D7D}"
EndProject
Project("{FAE04EC0-301F-11D3-BF4B-00C04F79EFBC}") = "Xpand.XAF.Modules.CloneMemberValue", "Agnostic\CloneMemberValue\Xpand.XAF.Modules.CloneMemberValue.csproj", "{6D9F55AA-D9C1-462E-9057-29EFC8DCC3BB}"
	ProjectSection(ProjectDependencies) = postProject
		{58399364-9ACA-429F-A276-7F01E9E61D7D} = {58399364-9ACA-429F-A276-7F01E9E61D7D}
	EndProjectSection
EndProject
Project("{FAE04EC0-301F-11D3-BF4B-00C04F79EFBC}") = "Xpand.XAF.Modules.ViewEditMode", "Agnostic\ViewEditMode\Xpand.XAF.Modules.ViewEditMode.csproj", "{D9233585-0907-4561-9C53-14D9AD5EEC0E}"
	ProjectSection(ProjectDependencies) = postProject
		{58399364-9ACA-429F-A276-7F01E9E61D7D} = {58399364-9ACA-429F-A276-7F01E9E61D7D}
	EndProjectSection
EndProject
Global
	GlobalSection(SolutionConfigurationPlatforms) = preSolution
		Debug|Any CPU = Debug|Any CPU
		EasyTest|Any CPU = EasyTest|Any CPU
		Release|Any CPU = Release|Any CPU
	EndGlobalSection
	GlobalSection(ProjectConfigurationPlatforms) = postSolution
		{194C38C8-A636-4570-A46D-2E8FE04C94C4}.Debug|Any CPU.ActiveCfg = Debug|Any CPU
		{194C38C8-A636-4570-A46D-2E8FE04C94C4}.Debug|Any CPU.Build.0 = Debug|Any CPU
		{194C38C8-A636-4570-A46D-2E8FE04C94C4}.EasyTest|Any CPU.ActiveCfg = Release|Any CPU
		{194C38C8-A636-4570-A46D-2E8FE04C94C4}.EasyTest|Any CPU.Build.0 = Release|Any CPU
		{194C38C8-A636-4570-A46D-2E8FE04C94C4}.Release|Any CPU.ActiveCfg = Release|Any CPU
		{194C38C8-A636-4570-A46D-2E8FE04C94C4}.Release|Any CPU.Build.0 = Release|Any CPU
		{58399364-9ACA-429F-A276-7F01E9E61D7D}.Debug|Any CPU.ActiveCfg = Debug|Any CPU
		{58399364-9ACA-429F-A276-7F01E9E61D7D}.Debug|Any CPU.Build.0 = Debug|Any CPU
		{58399364-9ACA-429F-A276-7F01E9E61D7D}.EasyTest|Any CPU.ActiveCfg = EasyTest|Any CPU
		{58399364-9ACA-429F-A276-7F01E9E61D7D}.EasyTest|Any CPU.Build.0 = EasyTest|Any CPU
		{58399364-9ACA-429F-A276-7F01E9E61D7D}.Release|Any CPU.ActiveCfg = Release|Any CPU
		{58399364-9ACA-429F-A276-7F01E9E61D7D}.Release|Any CPU.Build.0 = Release|Any CPU
		{6D9F55AA-D9C1-462E-9057-29EFC8DCC3BB}.Debug|Any CPU.ActiveCfg = Debug|Any CPU
		{6D9F55AA-D9C1-462E-9057-29EFC8DCC3BB}.Debug|Any CPU.Build.0 = Debug|Any CPU
		{6D9F55AA-D9C1-462E-9057-29EFC8DCC3BB}.EasyTest|Any CPU.ActiveCfg = Release|Any CPU
		{6D9F55AA-D9C1-462E-9057-29EFC8DCC3BB}.EasyTest|Any CPU.Build.0 = Release|Any CPU
		{6D9F55AA-D9C1-462E-9057-29EFC8DCC3BB}.Release|Any CPU.ActiveCfg = Release|Any CPU
		{6D9F55AA-D9C1-462E-9057-29EFC8DCC3BB}.Release|Any CPU.Build.0 = Release|Any CPU
		{D9233585-0907-4561-9C53-14D9AD5EEC0E}.Debug|Any CPU.ActiveCfg = Debug|Any CPU
		{D9233585-0907-4561-9C53-14D9AD5EEC0E}.Debug|Any CPU.Build.0 = Debug|Any CPU
		{D9233585-0907-4561-9C53-14D9AD5EEC0E}.EasyTest|Any CPU.ActiveCfg = Release|Any CPU
		{D9233585-0907-4561-9C53-14D9AD5EEC0E}.EasyTest|Any CPU.Build.0 = Release|Any CPU
		{D9233585-0907-4561-9C53-14D9AD5EEC0E}.Release|Any CPU.ActiveCfg = Release|Any CPU
		{D9233585-0907-4561-9C53-14D9AD5EEC0E}.Release|Any CPU.Build.0 = Release|Any CPU
	EndGlobalSection
	GlobalSection(SolutionProperties) = preSolution
		HideSolutionNode = FALSE
	EndGlobalSection
	GlobalSection(ExtensibilityGlobals) = postSolution
		SolutionGuid = {ADFDF91F-E839-4378-9136-C917729594E2}
	EndGlobalSection
EndGlobal
