
Microsoft Visual Studio Solution File, Format Version 12.00
# Visual Studio Version 16
VisualStudioVersion = 16.0.28917.182
MinimumVisualStudioVersion = 10.0.40219.1
Project("{2150E333-8FDC-42A3-9474-1A3956D46DE8}") = ".paket", ".paket", "{FEFFB6D8-960C-4910-AF46-8957F605E2C2}"
	ProjectSection(SolutionItems) = preProject
		..\..\paket.dependencies = ..\..\paket.dependencies
	EndProjectSection
EndProject
Project("{9A19103F-16F7-4668-BE54-9A1E7A4F7556}") = "Xpand.XAF.Modules.AutoCommit", "AutoCommit\Xpand.XAF.Modules.AutoCommit.csproj", "{5685573C-15E0-43DF-B939-D842211BA5ED}"
	ProjectSection(ProjectDependencies) = postProject
		{8E006135-6815-49E6-A282-9D0F964937D3} = {8E006135-6815-49E6-A282-9D0F964937D3}
		{58399364-9ACA-429F-A276-7F01E9E61D7D} = {58399364-9ACA-429F-A276-7F01E9E61D7D}
	EndProjectSection
EndProject
Project("{9A19103F-16F7-4668-BE54-9A1E7A4F7556}") = "Xpand.XAF.Modules.CloneMemberValue", "CloneMemberValue\Xpand.XAF.Modules.CloneMemberValue.csproj", "{6D9F55AA-D9C1-462E-9057-29EFC8DCC3BB}"
	ProjectSection(ProjectDependencies) = postProject
		{58399364-9ACA-429F-A276-7F01E9E61D7D} = {58399364-9ACA-429F-A276-7F01E9E61D7D}
	EndProjectSection
EndProject
Project("{9A19103F-16F7-4668-BE54-9A1E7A4F7556}") = "Xpand.XAF.Modules.CloneModelView", "CloneModelView\Xpand.XAF.Modules.CloneModelView.csproj", "{FB456706-C7F0-455C-B2F1-D75B143FDC28}"
EndProject
Project("{9A19103F-16F7-4668-BE54-9A1E7A4F7556}") = "Xpand.XAF.Modules.MasterDetail", "MasterDetail\Xpand.XAF.Modules.MasterDetail.csproj", "{79060F89-8991-476F-B536-6DCB5492178E}"
	ProjectSection(ProjectDependencies) = postProject
		{58399364-9ACA-429F-A276-7F01E9E61D7D} = {58399364-9ACA-429F-A276-7F01E9E61D7D}
	EndProjectSection
EndProject
Project("{9A19103F-16F7-4668-BE54-9A1E7A4F7556}") = "Xpand.XAF.Modules.ModelViewInheritance", "ModelViewInheritance\Xpand.XAF.Modules.ModelViewInheritance.csproj", "{194C38C8-A636-4570-A46D-2E8FE04C94C4}"
EndProject
Project("{9A19103F-16F7-4668-BE54-9A1E7A4F7556}") = "Xpand.XAF.Modules.Reactive", "Reactive\Xpand.XAF.Modules.Reactive.csproj", "{58399364-9ACA-429F-A276-7F01E9E61D7D}"
EndProject
Project("{9A19103F-16F7-4668-BE54-9A1E7A4F7556}") = "Xpand.XAF.Modules.SuppressConfirmation", "SuppressConfirmation\Xpand.XAF.Modules.SuppressConfirmation.csproj", "{7D3556B8-8CF9-4622-94F1-0F28A7765D0E}"
	ProjectSection(ProjectDependencies) = postProject
		{58399364-9ACA-429F-A276-7F01E9E61D7D} = {58399364-9ACA-429F-A276-7F01E9E61D7D}
	EndProjectSection
EndProject
Project("{9A19103F-16F7-4668-BE54-9A1E7A4F7556}") = "Xpand.XAF.Modules.ViewEditMode", "ViewEditMode\Xpand.XAF.Modules.ViewEditMode.csproj", "{D9233585-0907-4561-9C53-14D9AD5EEC0E}"
	ProjectSection(ProjectDependencies) = postProject
		{58399364-9ACA-429F-A276-7F01E9E61D7D} = {58399364-9ACA-429F-A276-7F01E9E61D7D}
	EndProjectSection
EndProject
Project("{9A19103F-16F7-4668-BE54-9A1E7A4F7556}") = "Xpand.XAF.Modules.HideToolBar", "HideToolBar\Xpand.XAF.Modules.HideToolBar.csproj", "{B76C0852-B1B3-4663-98F5-808FA9AC2D30}"
	ProjectSection(ProjectDependencies) = postProject
		{58399364-9ACA-429F-A276-7F01E9E61D7D} = {58399364-9ACA-429F-A276-7F01E9E61D7D}
	EndProjectSection
EndProject
Project("{9A19103F-16F7-4668-BE54-9A1E7A4F7556}") = "Xpand.XAF.Modules.ProgressBarViewItem", "ProgressBarViewItem\Xpand.XAF.Modules.ProgressBarViewItem.csproj", "{5B65629B-E5C9-4686-967B-9AF271EA47EA}"
	ProjectSection(ProjectDependencies) = postProject
		{58399364-9ACA-429F-A276-7F01E9E61D7D} = {58399364-9ACA-429F-A276-7F01E9E61D7D}
	EndProjectSection
EndProject
Project("{9A19103F-16F7-4668-BE54-9A1E7A4F7556}") = "Xpand.XAF.Modules.ModelMapper", "ModelMapper\Xpand.XAF.Modules.ModelMapper.csproj", "{F15810E7-4D84-4305-B9DE-74E7976C9018}"
	ProjectSection(ProjectDependencies) = postProject
		{58399364-9ACA-429F-A276-7F01E9E61D7D} = {58399364-9ACA-429F-A276-7F01E9E61D7D}
	EndProjectSection
EndProject
Project("{9A19103F-16F7-4668-BE54-9A1E7A4F7556}") = "Xpand.XAF.Modules.GridListEditor", "GridListEditor\Xpand.XAF.Modules.GridListEditor.csproj", "{D7B0A652-605F-4C0F-B543-FC3FBD568DF3}"
	ProjectSection(ProjectDependencies) = postProject
		{58399364-9ACA-429F-A276-7F01E9E61D7D} = {58399364-9ACA-429F-A276-7F01E9E61D7D}
	EndProjectSection
EndProject
Project("{9A19103F-16F7-4668-BE54-9A1E7A4F7556}") = "Xpand.XAF.Modules.OneView", "OneView\Xpand.XAF.Modules.OneView.csproj", "{4C3ED41A-EB50-4A59-9A38-0BDBC1967C06}"
	ProjectSection(ProjectDependencies) = postProject
		{8E006135-6815-49E6-A282-9D0F964937D3} = {8E006135-6815-49E6-A282-9D0F964937D3}
		{58399364-9ACA-429F-A276-7F01E9E61D7D} = {58399364-9ACA-429F-A276-7F01E9E61D7D}
	EndProjectSection
EndProject
Project("{9A19103F-16F7-4668-BE54-9A1E7A4F7556}") = "Xpand.XAF.Modules.Reactive.Logger", "Reactive.Logger\Xpand.XAF.Modules.Reactive.Logger.csproj", "{FCC60F32-B678-40B7-9226-9FBEB82B0FDA}"
	ProjectSection(ProjectDependencies) = postProject
		{58399364-9ACA-429F-A276-7F01E9E61D7D} = {58399364-9ACA-429F-A276-7F01E9E61D7D}
	EndProjectSection
EndProject
Project("{9A19103F-16F7-4668-BE54-9A1E7A4F7556}") = "Xpand.XAF.Modules.Reactive.Logger.Client.Win", "Reactive.Logger.Client.Win\Xpand.XAF.Modules.Reactive.Logger.Client.Win.csproj", "{F929A9D2-7C98-4138-8F2B-C3D3A8464710}"
	ProjectSection(ProjectDependencies) = postProject
		{4C3ED41A-EB50-4A59-9A38-0BDBC1967C06} = {4C3ED41A-EB50-4A59-9A38-0BDBC1967C06}
		{FCC60F32-B678-40B7-9226-9FBEB82B0FDA} = {FCC60F32-B678-40B7-9226-9FBEB82B0FDA}
		{8E006135-6815-49E6-A282-9D0F964937D3} = {8E006135-6815-49E6-A282-9D0F964937D3}
		{D7B0A652-605F-4C0F-B543-FC3FBD568DF3} = {D7B0A652-605F-4C0F-B543-FC3FBD568DF3}
		{F81172D2-C7A6-4159-ADB7-38E8C1B1460D} = {F81172D2-C7A6-4159-ADB7-38E8C1B1460D}
	EndProjectSection
EndProject
Project("{9A19103F-16F7-4668-BE54-9A1E7A4F7556}") = "Xpand.XAF.Modules.RefreshView", "RefreshView\Xpand.XAF.Modules.RefreshView.csproj", "{4C65406D-13A1-488F-8945-9C38DBC6ECD5}"
	ProjectSection(ProjectDependencies) = postProject
		{58399364-9ACA-429F-A276-7F01E9E61D7D} = {58399364-9ACA-429F-A276-7F01E9E61D7D}
	EndProjectSection
EndProject
Project("{9A19103F-16F7-4668-BE54-9A1E7A4F7556}") = "Xpand.XAF.Modules.Reactive.Logger.Hub", "Reactive.Logger.Hub\Xpand.XAF.Modules.Reactive.Logger.Hub.csproj", "{F81172D2-C7A6-4159-ADB7-38E8C1B1460D}"
	ProjectSection(ProjectDependencies) = postProject
		{FCC60F32-B678-40B7-9226-9FBEB82B0FDA} = {FCC60F32-B678-40B7-9226-9FBEB82B0FDA}
	EndProjectSection
EndProject
Project("{9A19103F-16F7-4668-BE54-9A1E7A4F7556}") = "Xpand.XAF.Modules.Reactive.Win", "Reactive.Win\Xpand.XAF.Modules.Reactive.Win.csproj", "{8E006135-6815-49E6-A282-9D0F964937D3}"
	ProjectSection(ProjectDependencies) = postProject
		{58399364-9ACA-429F-A276-7F01E9E61D7D} = {58399364-9ACA-429F-A276-7F01E9E61D7D}
	EndProjectSection
EndProject
Project("{9A19103F-16F7-4668-BE54-9A1E7A4F7556}") = "Xpand.XAF.Modules.LookupCascade", "LookupCascade\Xpand.XAF.Modules.LookupCascade.csproj", "{EAC4F34F-31F9-47D6-B2FF-659B567D7E5F}"
	ProjectSection(ProjectDependencies) = postProject
		{58399364-9ACA-429F-A276-7F01E9E61D7D} = {58399364-9ACA-429F-A276-7F01E9E61D7D}
	EndProjectSection
EndProject
Project("{9A19103F-16F7-4668-BE54-9A1E7A4F7556}") = "Xpand.XAF.Modules.SequenceGenerator", "SequenceGenerator\Xpand.XAF.Modules.SequenceGenerator.csproj", "{AA212429-F21D-4497-9090-64A3D396288E}"
	ProjectSection(ProjectDependencies) = postProject
		{58399364-9ACA-429F-A276-7F01E9E61D7D} = {58399364-9ACA-429F-A276-7F01E9E61D7D}
	EndProjectSection
EndProject
Project("{2150E333-8FDC-42A3-9474-1A3956D46DE8}") = "Logger", "Logger", "{09B2B381-4A9C-49D4-9B70-9DA9CD320E00}"
EndProject
Project("{2150E333-8FDC-42A3-9474-1A3956D46DE8}") = "Model", "Model", "{68AA5D54-E49D-45FC-B548-E2042DDD19BA}"
EndProject
Project("{2150E333-8FDC-42A3-9474-1A3956D46DE8}") = "Editors", "Editors", "{D8316350-1F76-42D7-922B-01E0E2C12905}"
EndProject
Project("{2150E333-8FDC-42A3-9474-1A3956D46DE8}") = "View", "View", "{74E52C63-A831-49FB-B1C6-5BDDA7A5AEFE}"
EndProject
Project("{2150E333-8FDC-42A3-9474-1A3956D46DE8}") = "Reactive", "Reactive", "{6A5A6D7B-EC29-44B7-BA2C-81413614FC5E}"
EndProject
Project("{2150E333-8FDC-42A3-9474-1A3956D46DE8}") = "Data", "Data", "{8978DDD6-5019-45C4-94AE-1187453A4026}"
EndProject
Project("{2150E333-8FDC-42A3-9474-1A3956D46DE8}") = "Office", "Office", "{C49DF3D6-B513-4C06-ACD6-4BA2E2FF02C8}"
EndProject
Project("{9A19103F-16F7-4668-BE54-9A1E7A4F7556}") = "Xpand.XAF.Modules.Office.Cloud.Microsoft.Todo", "Office.Cloud.Microsoft.Todo\Xpand.XAF.Modules.Office.Cloud.Microsoft.Todo.csproj", "{DCF66753-EB48-4AD9-BCBA-82B2BBF581C1}"
	ProjectSection(ProjectDependencies) = postProject
		{4E350570-607E-4841-98D0-63FD3B19251B} = {4E350570-607E-4841-98D0-63FD3B19251B}
	EndProjectSection
EndProject
Project("{9A19103F-16F7-4668-BE54-9A1E7A4F7556}") = "Xpand.Extensions.Office.Cloud", "..\Extensions\Xpand.Extensions.Office.Cloud\Xpand.Extensions.Office.Cloud.csproj", "{EF33033B-F47B-43FF-B53C-FEA63EEA9021}"
	ProjectSection(ProjectDependencies) = postProject
		{58399364-9ACA-429F-A276-7F01E9E61D7D} = {58399364-9ACA-429F-A276-7F01E9E61D7D}
	EndProjectSection
EndProject
Project("{9A19103F-16F7-4668-BE54-9A1E7A4F7556}") = "Xpand.Extensions.Office.Cloud.Microsoft", "..\Extensions\Xpand.Extensions.Office.Cloud.Microsoft\Xpand.Extensions.Office.Cloud.Microsoft.csproj", "{4E350570-607E-4841-98D0-63FD3B19251B}"
	ProjectSection(ProjectDependencies) = postProject
		{EF33033B-F47B-43FF-B53C-FEA63EEA9021} = {EF33033B-F47B-43FF-B53C-FEA63EEA9021}
	EndProjectSection
EndProject
Project("{9A19103F-16F7-4668-BE54-9A1E7A4F7556}") = "Xpand.XAF.Modules.PositionInListview", "PositionInListview\Xpand.XAF.Modules.PositionInListview.csproj", "{255E47FF-6E55-4368-A90D-BD717AB51B7F}"
	ProjectSection(ProjectDependencies) = postProject
		{58399364-9ACA-429F-A276-7F01E9E61D7D} = {58399364-9ACA-429F-A276-7F01E9E61D7D}
	EndProjectSection
EndProject
Global
	GlobalSection(SolutionConfigurationPlatforms) = preSolution
		Debug|Any CPU = Debug|Any CPU
		EasyTest|Any CPU = EasyTest|Any CPU
		Release|Any CPU = Release|Any CPU
	EndGlobalSection
	GlobalSection(ProjectConfigurationPlatforms) = postSolution
		{5685573C-15E0-43DF-B939-D842211BA5ED}.Debug|Any CPU.ActiveCfg = Debug|Any CPU
		{5685573C-15E0-43DF-B939-D842211BA5ED}.Debug|Any CPU.Build.0 = Debug|Any CPU
		{5685573C-15E0-43DF-B939-D842211BA5ED}.EasyTest|Any CPU.ActiveCfg = Release|Any CPU
		{5685573C-15E0-43DF-B939-D842211BA5ED}.EasyTest|Any CPU.Build.0 = Release|Any CPU
		{5685573C-15E0-43DF-B939-D842211BA5ED}.Release|Any CPU.ActiveCfg = Release|Any CPU
		{5685573C-15E0-43DF-B939-D842211BA5ED}.Release|Any CPU.Build.0 = Release|Any CPU
		{6D9F55AA-D9C1-462E-9057-29EFC8DCC3BB}.Debug|Any CPU.ActiveCfg = Debug|Any CPU
		{6D9F55AA-D9C1-462E-9057-29EFC8DCC3BB}.Debug|Any CPU.Build.0 = Debug|Any CPU
		{6D9F55AA-D9C1-462E-9057-29EFC8DCC3BB}.EasyTest|Any CPU.ActiveCfg = Release|Any CPU
		{6D9F55AA-D9C1-462E-9057-29EFC8DCC3BB}.EasyTest|Any CPU.Build.0 = Release|Any CPU
		{6D9F55AA-D9C1-462E-9057-29EFC8DCC3BB}.Release|Any CPU.ActiveCfg = Release|Any CPU
		{6D9F55AA-D9C1-462E-9057-29EFC8DCC3BB}.Release|Any CPU.Build.0 = Release|Any CPU
		{FB456706-C7F0-455C-B2F1-D75B143FDC28}.Debug|Any CPU.ActiveCfg = Debug|Any CPU
		{FB456706-C7F0-455C-B2F1-D75B143FDC28}.Debug|Any CPU.Build.0 = Debug|Any CPU
		{FB456706-C7F0-455C-B2F1-D75B143FDC28}.EasyTest|Any CPU.ActiveCfg = Release|Any CPU
		{FB456706-C7F0-455C-B2F1-D75B143FDC28}.EasyTest|Any CPU.Build.0 = Release|Any CPU
		{FB456706-C7F0-455C-B2F1-D75B143FDC28}.Release|Any CPU.ActiveCfg = Release|Any CPU
		{FB456706-C7F0-455C-B2F1-D75B143FDC28}.Release|Any CPU.Build.0 = Release|Any CPU
		{79060F89-8991-476F-B536-6DCB5492178E}.Debug|Any CPU.ActiveCfg = Debug|Any CPU
		{79060F89-8991-476F-B536-6DCB5492178E}.Debug|Any CPU.Build.0 = Debug|Any CPU
		{79060F89-8991-476F-B536-6DCB5492178E}.EasyTest|Any CPU.ActiveCfg = Release|Any CPU
		{79060F89-8991-476F-B536-6DCB5492178E}.EasyTest|Any CPU.Build.0 = Release|Any CPU
		{79060F89-8991-476F-B536-6DCB5492178E}.Release|Any CPU.ActiveCfg = Release|Any CPU
		{79060F89-8991-476F-B536-6DCB5492178E}.Release|Any CPU.Build.0 = Release|Any CPU
		{194C38C8-A636-4570-A46D-2E8FE04C94C4}.Debug|Any CPU.ActiveCfg = Debug|Any CPU
		{194C38C8-A636-4570-A46D-2E8FE04C94C4}.Debug|Any CPU.Build.0 = Debug|Any CPU
		{194C38C8-A636-4570-A46D-2E8FE04C94C4}.EasyTest|Any CPU.ActiveCfg = Release|Any CPU
		{194C38C8-A636-4570-A46D-2E8FE04C94C4}.EasyTest|Any CPU.Build.0 = Release|Any CPU
		{194C38C8-A636-4570-A46D-2E8FE04C94C4}.Release|Any CPU.ActiveCfg = Release|Any CPU
		{194C38C8-A636-4570-A46D-2E8FE04C94C4}.Release|Any CPU.Build.0 = Release|Any CPU
		{58399364-9ACA-429F-A276-7F01E9E61D7D}.Debug|Any CPU.ActiveCfg = Debug|Any CPU
		{58399364-9ACA-429F-A276-7F01E9E61D7D}.Debug|Any CPU.Build.0 = Debug|Any CPU
		{58399364-9ACA-429F-A276-7F01E9E61D7D}.EasyTest|Any CPU.ActiveCfg = Release|Any CPU
		{58399364-9ACA-429F-A276-7F01E9E61D7D}.EasyTest|Any CPU.Build.0 = Release|Any CPU
		{58399364-9ACA-429F-A276-7F01E9E61D7D}.Release|Any CPU.ActiveCfg = Release|Any CPU
		{58399364-9ACA-429F-A276-7F01E9E61D7D}.Release|Any CPU.Build.0 = Release|Any CPU
		{7D3556B8-8CF9-4622-94F1-0F28A7765D0E}.Debug|Any CPU.ActiveCfg = Debug|Any CPU
		{7D3556B8-8CF9-4622-94F1-0F28A7765D0E}.Debug|Any CPU.Build.0 = Debug|Any CPU
		{7D3556B8-8CF9-4622-94F1-0F28A7765D0E}.EasyTest|Any CPU.ActiveCfg = Release|Any CPU
		{7D3556B8-8CF9-4622-94F1-0F28A7765D0E}.EasyTest|Any CPU.Build.0 = Release|Any CPU
		{7D3556B8-8CF9-4622-94F1-0F28A7765D0E}.Release|Any CPU.ActiveCfg = Release|Any CPU
		{7D3556B8-8CF9-4622-94F1-0F28A7765D0E}.Release|Any CPU.Build.0 = Release|Any CPU
		{D9233585-0907-4561-9C53-14D9AD5EEC0E}.Debug|Any CPU.ActiveCfg = Debug|Any CPU
		{D9233585-0907-4561-9C53-14D9AD5EEC0E}.Debug|Any CPU.Build.0 = Debug|Any CPU
		{D9233585-0907-4561-9C53-14D9AD5EEC0E}.EasyTest|Any CPU.ActiveCfg = Release|Any CPU
		{D9233585-0907-4561-9C53-14D9AD5EEC0E}.EasyTest|Any CPU.Build.0 = Release|Any CPU
		{D9233585-0907-4561-9C53-14D9AD5EEC0E}.Release|Any CPU.ActiveCfg = Release|Any CPU
		{D9233585-0907-4561-9C53-14D9AD5EEC0E}.Release|Any CPU.Build.0 = Release|Any CPU
		{B76C0852-B1B3-4663-98F5-808FA9AC2D30}.Debug|Any CPU.ActiveCfg = Debug|Any CPU
		{B76C0852-B1B3-4663-98F5-808FA9AC2D30}.Debug|Any CPU.Build.0 = Debug|Any CPU
		{B76C0852-B1B3-4663-98F5-808FA9AC2D30}.EasyTest|Any CPU.ActiveCfg = Release|Any CPU
		{B76C0852-B1B3-4663-98F5-808FA9AC2D30}.EasyTest|Any CPU.Build.0 = Release|Any CPU
		{B76C0852-B1B3-4663-98F5-808FA9AC2D30}.Release|Any CPU.ActiveCfg = Release|Any CPU
		{B76C0852-B1B3-4663-98F5-808FA9AC2D30}.Release|Any CPU.Build.0 = Release|Any CPU
		{5B65629B-E5C9-4686-967B-9AF271EA47EA}.Debug|Any CPU.ActiveCfg = Debug|Any CPU
		{5B65629B-E5C9-4686-967B-9AF271EA47EA}.Debug|Any CPU.Build.0 = Debug|Any CPU
		{5B65629B-E5C9-4686-967B-9AF271EA47EA}.EasyTest|Any CPU.ActiveCfg = Release|Any CPU
		{5B65629B-E5C9-4686-967B-9AF271EA47EA}.EasyTest|Any CPU.Build.0 = Release|Any CPU
		{5B65629B-E5C9-4686-967B-9AF271EA47EA}.Release|Any CPU.ActiveCfg = Release|Any CPU
		{5B65629B-E5C9-4686-967B-9AF271EA47EA}.Release|Any CPU.Build.0 = Release|Any CPU
		{F15810E7-4D84-4305-B9DE-74E7976C9018}.Debug|Any CPU.ActiveCfg = Debug|Any CPU
		{F15810E7-4D84-4305-B9DE-74E7976C9018}.Debug|Any CPU.Build.0 = Debug|Any CPU
		{F15810E7-4D84-4305-B9DE-74E7976C9018}.EasyTest|Any CPU.ActiveCfg = Release|Any CPU
		{F15810E7-4D84-4305-B9DE-74E7976C9018}.EasyTest|Any CPU.Build.0 = Release|Any CPU
		{F15810E7-4D84-4305-B9DE-74E7976C9018}.Release|Any CPU.ActiveCfg = Release|Any CPU
		{F15810E7-4D84-4305-B9DE-74E7976C9018}.Release|Any CPU.Build.0 = Release|Any CPU
		{D7B0A652-605F-4C0F-B543-FC3FBD568DF3}.Debug|Any CPU.ActiveCfg = Debug|Any CPU
		{D7B0A652-605F-4C0F-B543-FC3FBD568DF3}.Debug|Any CPU.Build.0 = Debug|Any CPU
		{D7B0A652-605F-4C0F-B543-FC3FBD568DF3}.EasyTest|Any CPU.ActiveCfg = Debug|Any CPU
		{D7B0A652-605F-4C0F-B543-FC3FBD568DF3}.EasyTest|Any CPU.Build.0 = Debug|Any CPU
		{D7B0A652-605F-4C0F-B543-FC3FBD568DF3}.Release|Any CPU.ActiveCfg = Release|Any CPU
		{D7B0A652-605F-4C0F-B543-FC3FBD568DF3}.Release|Any CPU.Build.0 = Release|Any CPU
		{4C3ED41A-EB50-4A59-9A38-0BDBC1967C06}.Debug|Any CPU.ActiveCfg = Debug|Any CPU
		{4C3ED41A-EB50-4A59-9A38-0BDBC1967C06}.Debug|Any CPU.Build.0 = Debug|Any CPU
		{4C3ED41A-EB50-4A59-9A38-0BDBC1967C06}.EasyTest|Any CPU.ActiveCfg = Debug|Any CPU
		{4C3ED41A-EB50-4A59-9A38-0BDBC1967C06}.EasyTest|Any CPU.Build.0 = Debug|Any CPU
		{4C3ED41A-EB50-4A59-9A38-0BDBC1967C06}.Release|Any CPU.ActiveCfg = Release|Any CPU
		{4C3ED41A-EB50-4A59-9A38-0BDBC1967C06}.Release|Any CPU.Build.0 = Release|Any CPU
		{FCC60F32-B678-40B7-9226-9FBEB82B0FDA}.Debug|Any CPU.ActiveCfg = Debug|Any CPU
		{FCC60F32-B678-40B7-9226-9FBEB82B0FDA}.Debug|Any CPU.Build.0 = Debug|Any CPU
		{FCC60F32-B678-40B7-9226-9FBEB82B0FDA}.EasyTest|Any CPU.ActiveCfg = Debug|Any CPU
		{FCC60F32-B678-40B7-9226-9FBEB82B0FDA}.EasyTest|Any CPU.Build.0 = Debug|Any CPU
		{FCC60F32-B678-40B7-9226-9FBEB82B0FDA}.Release|Any CPU.ActiveCfg = Debug|Any CPU
		{FCC60F32-B678-40B7-9226-9FBEB82B0FDA}.Release|Any CPU.Build.0 = Debug|Any CPU
		{F929A9D2-7C98-4138-8F2B-C3D3A8464710}.Debug|Any CPU.ActiveCfg = Debug|Any CPU
		{F929A9D2-7C98-4138-8F2B-C3D3A8464710}.Debug|Any CPU.Build.0 = Debug|Any CPU
		{F929A9D2-7C98-4138-8F2B-C3D3A8464710}.EasyTest|Any CPU.ActiveCfg = Debug|Any CPU
		{F929A9D2-7C98-4138-8F2B-C3D3A8464710}.EasyTest|Any CPU.Build.0 = Debug|Any CPU
		{F929A9D2-7C98-4138-8F2B-C3D3A8464710}.Release|Any CPU.ActiveCfg = Debug|Any CPU
		{F929A9D2-7C98-4138-8F2B-C3D3A8464710}.Release|Any CPU.Build.0 = Debug|Any CPU
		{4C65406D-13A1-488F-8945-9C38DBC6ECD5}.Debug|Any CPU.ActiveCfg = Debug|Any CPU
		{4C65406D-13A1-488F-8945-9C38DBC6ECD5}.Debug|Any CPU.Build.0 = Debug|Any CPU
		{4C65406D-13A1-488F-8945-9C38DBC6ECD5}.EasyTest|Any CPU.ActiveCfg = Debug|Any CPU
		{4C65406D-13A1-488F-8945-9C38DBC6ECD5}.EasyTest|Any CPU.Build.0 = Debug|Any CPU
		{4C65406D-13A1-488F-8945-9C38DBC6ECD5}.Release|Any CPU.ActiveCfg = Release|Any CPU
		{4C65406D-13A1-488F-8945-9C38DBC6ECD5}.Release|Any CPU.Build.0 = Release|Any CPU
		{F81172D2-C7A6-4159-ADB7-38E8C1B1460D}.Debug|Any CPU.ActiveCfg = Debug|Any CPU
		{F81172D2-C7A6-4159-ADB7-38E8C1B1460D}.Debug|Any CPU.Build.0 = Debug|Any CPU
		{F81172D2-C7A6-4159-ADB7-38E8C1B1460D}.EasyTest|Any CPU.ActiveCfg = Debug|Any CPU
		{F81172D2-C7A6-4159-ADB7-38E8C1B1460D}.EasyTest|Any CPU.Build.0 = Debug|Any CPU
		{F81172D2-C7A6-4159-ADB7-38E8C1B1460D}.Release|Any CPU.ActiveCfg = Release|Any CPU
		{F81172D2-C7A6-4159-ADB7-38E8C1B1460D}.Release|Any CPU.Build.0 = Release|Any CPU
		{8E006135-6815-49E6-A282-9D0F964937D3}.Debug|Any CPU.ActiveCfg = Debug|Any CPU
		{8E006135-6815-49E6-A282-9D0F964937D3}.Debug|Any CPU.Build.0 = Debug|Any CPU
		{8E006135-6815-49E6-A282-9D0F964937D3}.EasyTest|Any CPU.ActiveCfg = Debug|Any CPU
		{8E006135-6815-49E6-A282-9D0F964937D3}.EasyTest|Any CPU.Build.0 = Debug|Any CPU
		{8E006135-6815-49E6-A282-9D0F964937D3}.Release|Any CPU.ActiveCfg = Release|Any CPU
		{8E006135-6815-49E6-A282-9D0F964937D3}.Release|Any CPU.Build.0 = Release|Any CPU
		{EAC4F34F-31F9-47D6-B2FF-659B567D7E5F}.Debug|Any CPU.ActiveCfg = Debug|Any CPU
		{EAC4F34F-31F9-47D6-B2FF-659B567D7E5F}.Debug|Any CPU.Build.0 = Debug|Any CPU
		{EAC4F34F-31F9-47D6-B2FF-659B567D7E5F}.EasyTest|Any CPU.ActiveCfg = Debug|Any CPU
		{EAC4F34F-31F9-47D6-B2FF-659B567D7E5F}.EasyTest|Any CPU.Build.0 = Debug|Any CPU
		{EAC4F34F-31F9-47D6-B2FF-659B567D7E5F}.Release|Any CPU.ActiveCfg = Release|Any CPU
		{EAC4F34F-31F9-47D6-B2FF-659B567D7E5F}.Release|Any CPU.Build.0 = Release|Any CPU
		{AA212429-F21D-4497-9090-64A3D396288E}.Debug|Any CPU.ActiveCfg = Debug|Any CPU
		{AA212429-F21D-4497-9090-64A3D396288E}.Debug|Any CPU.Build.0 = Debug|Any CPU
		{AA212429-F21D-4497-9090-64A3D396288E}.EasyTest|Any CPU.ActiveCfg = Debug|Any CPU
		{AA212429-F21D-4497-9090-64A3D396288E}.EasyTest|Any CPU.Build.0 = Debug|Any CPU
		{AA212429-F21D-4497-9090-64A3D396288E}.Release|Any CPU.ActiveCfg = Release|Any CPU
		{AA212429-F21D-4497-9090-64A3D396288E}.Release|Any CPU.Build.0 = Release|Any CPU
		{DCF66753-EB48-4AD9-BCBA-82B2BBF581C1}.Debug|Any CPU.ActiveCfg = Debug|Any CPU
		{DCF66753-EB48-4AD9-BCBA-82B2BBF581C1}.Debug|Any CPU.Build.0 = Debug|Any CPU
		{DCF66753-EB48-4AD9-BCBA-82B2BBF581C1}.EasyTest|Any CPU.ActiveCfg = Debug|Any CPU
		{DCF66753-EB48-4AD9-BCBA-82B2BBF581C1}.EasyTest|Any CPU.Build.0 = Debug|Any CPU
		{DCF66753-EB48-4AD9-BCBA-82B2BBF581C1}.Release|Any CPU.ActiveCfg = Release|Any CPU
		{DCF66753-EB48-4AD9-BCBA-82B2BBF581C1}.Release|Any CPU.Build.0 = Release|Any CPU
		{EF33033B-F47B-43FF-B53C-FEA63EEA9021}.Debug|Any CPU.ActiveCfg = Debug|Any CPU
		{EF33033B-F47B-43FF-B53C-FEA63EEA9021}.Debug|Any CPU.Build.0 = Debug|Any CPU
		{EF33033B-F47B-43FF-B53C-FEA63EEA9021}.EasyTest|Any CPU.ActiveCfg = Debug|Any CPU
		{EF33033B-F47B-43FF-B53C-FEA63EEA9021}.EasyTest|Any CPU.Build.0 = Debug|Any CPU
		{EF33033B-F47B-43FF-B53C-FEA63EEA9021}.Release|Any CPU.ActiveCfg = Release|Any CPU
		{EF33033B-F47B-43FF-B53C-FEA63EEA9021}.Release|Any CPU.Build.0 = Release|Any CPU
		{4E350570-607E-4841-98D0-63FD3B19251B}.Debug|Any CPU.ActiveCfg = Debug|Any CPU
		{4E350570-607E-4841-98D0-63FD3B19251B}.Debug|Any CPU.Build.0 = Debug|Any CPU
		{4E350570-607E-4841-98D0-63FD3B19251B}.EasyTest|Any CPU.ActiveCfg = Debug|Any CPU
		{4E350570-607E-4841-98D0-63FD3B19251B}.EasyTest|Any CPU.Build.0 = Debug|Any CPU
		{4E350570-607E-4841-98D0-63FD3B19251B}.Release|Any CPU.ActiveCfg = Release|Any CPU
		{4E350570-607E-4841-98D0-63FD3B19251B}.Release|Any CPU.Build.0 = Release|Any CPU
		{255E47FF-6E55-4368-A90D-BD717AB51B7F}.Debug|Any CPU.ActiveCfg = Debug|Any CPU
		{255E47FF-6E55-4368-A90D-BD717AB51B7F}.Debug|Any CPU.Build.0 = Debug|Any CPU
		{255E47FF-6E55-4368-A90D-BD717AB51B7F}.EasyTest|Any CPU.ActiveCfg = Debug|Any CPU
		{255E47FF-6E55-4368-A90D-BD717AB51B7F}.EasyTest|Any CPU.Build.0 = Debug|Any CPU
		{255E47FF-6E55-4368-A90D-BD717AB51B7F}.Release|Any CPU.ActiveCfg = Release|Any CPU
		{255E47FF-6E55-4368-A90D-BD717AB51B7F}.Release|Any CPU.Build.0 = Release|Any CPU
	EndGlobalSection
	GlobalSection(SolutionProperties) = preSolution
		HideSolutionNode = FALSE
	EndGlobalSection
	GlobalSection(NestedProjects) = preSolution
		{5685573C-15E0-43DF-B939-D842211BA5ED} = {8978DDD6-5019-45C4-94AE-1187453A4026}
		{6D9F55AA-D9C1-462E-9057-29EFC8DCC3BB} = {8978DDD6-5019-45C4-94AE-1187453A4026}
		{FB456706-C7F0-455C-B2F1-D75B143FDC28} = {68AA5D54-E49D-45FC-B548-E2042DDD19BA}
		{79060F89-8991-476F-B536-6DCB5492178E} = {74E52C63-A831-49FB-B1C6-5BDDA7A5AEFE}
		{194C38C8-A636-4570-A46D-2E8FE04C94C4} = {68AA5D54-E49D-45FC-B548-E2042DDD19BA}
		{58399364-9ACA-429F-A276-7F01E9E61D7D} = {6A5A6D7B-EC29-44B7-BA2C-81413614FC5E}
		{7D3556B8-8CF9-4622-94F1-0F28A7765D0E} = {74E52C63-A831-49FB-B1C6-5BDDA7A5AEFE}
		{D9233585-0907-4561-9C53-14D9AD5EEC0E} = {74E52C63-A831-49FB-B1C6-5BDDA7A5AEFE}
		{B76C0852-B1B3-4663-98F5-808FA9AC2D30} = {74E52C63-A831-49FB-B1C6-5BDDA7A5AEFE}
		{5B65629B-E5C9-4686-967B-9AF271EA47EA} = {D8316350-1F76-42D7-922B-01E0E2C12905}
		{F15810E7-4D84-4305-B9DE-74E7976C9018} = {68AA5D54-E49D-45FC-B548-E2042DDD19BA}
		{D7B0A652-605F-4C0F-B543-FC3FBD568DF3} = {D8316350-1F76-42D7-922B-01E0E2C12905}
		{4C3ED41A-EB50-4A59-9A38-0BDBC1967C06} = {74E52C63-A831-49FB-B1C6-5BDDA7A5AEFE}
		{FCC60F32-B678-40B7-9226-9FBEB82B0FDA} = {09B2B381-4A9C-49D4-9B70-9DA9CD320E00}
		{F929A9D2-7C98-4138-8F2B-C3D3A8464710} = {09B2B381-4A9C-49D4-9B70-9DA9CD320E00}
		{4C65406D-13A1-488F-8945-9C38DBC6ECD5} = {74E52C63-A831-49FB-B1C6-5BDDA7A5AEFE}
		{F81172D2-C7A6-4159-ADB7-38E8C1B1460D} = {09B2B381-4A9C-49D4-9B70-9DA9CD320E00}
		{8E006135-6815-49E6-A282-9D0F964937D3} = {6A5A6D7B-EC29-44B7-BA2C-81413614FC5E}
		{EAC4F34F-31F9-47D6-B2FF-659B567D7E5F} = {D8316350-1F76-42D7-922B-01E0E2C12905}
		{AA212429-F21D-4497-9090-64A3D396288E} = {8978DDD6-5019-45C4-94AE-1187453A4026}
		{09B2B381-4A9C-49D4-9B70-9DA9CD320E00} = {6A5A6D7B-EC29-44B7-BA2C-81413614FC5E}
		{DCF66753-EB48-4AD9-BCBA-82B2BBF581C1} = {C49DF3D6-B513-4C06-ACD6-4BA2E2FF02C8}
		{EF33033B-F47B-43FF-B53C-FEA63EEA9021} = {C49DF3D6-B513-4C06-ACD6-4BA2E2FF02C8}
		{4E350570-607E-4841-98D0-63FD3B19251B} = {C49DF3D6-B513-4C06-ACD6-4BA2E2FF02C8}
		{255E47FF-6E55-4368-A90D-BD717AB51B7F} = {74E52C63-A831-49FB-B1C6-5BDDA7A5AEFE}
	EndGlobalSection
	GlobalSection(ExtensibilityGlobals) = postSolution
		SolutionGuid = {ADFDF91F-E839-4378-9136-C917729594E2}
	EndGlobalSection
EndGlobal
