
Microsoft Visual Studio Solution File, Format Version 12.00
# Visual Studio Version 16
VisualStudioVersion = 16.0.29319.158
MinimumVisualStudioVersion = 10.0.40219.1
Project("{FAE04EC0-301F-11D3-BF4B-00C04F79EFBC}") = "TestApplication.Web", "TestApplication.Web\TestApplication.Web.csproj", "{AD0A8FF1-9335-4FEA-85A7-74EB5BCCA105}"
	ProjectSection(ProjectDependencies) = postProject
		{3B0C7B34-9818-4CB3-A1B2-2F2F25459D35} = {3B0C7B34-9818-4CB3-A1B2-2F2F25459D35}
		{6C6F7888-2F0A-4BA9-89BD-A41BDAAC34BC} = {6C6F7888-2F0A-4BA9-89BD-A41BDAAC34BC}
	EndProjectSection
EndProject
Project("{9A19103F-16F7-4668-BE54-9A1E7A4F7556}") = "TestApplication.Win", "TestApplication.Win\TestApplication.Win.csproj", "{D05D93DF-312D-4D4E-B980-726871EC7833}"
	ProjectSection(ProjectDependencies) = postProject
		{0DA91073-BA11-4737-A341-63BAF5E542B8} = {0DA91073-BA11-4737-A341-63BAF5E542B8}
		{6C6F7888-2F0A-4BA9-89BD-A41BDAAC34BC} = {6C6F7888-2F0A-4BA9-89BD-A41BDAAC34BC}
	EndProjectSection
EndProject
Project("{9A19103F-16F7-4668-BE54-9A1E7A4F7556}") = "ALL.Win.Tests", "..\ALL.Win.Tests\ALL.Win.Tests.csproj", "{0DA91073-BA11-4737-A341-63BAF5E542B8}"
	ProjectSection(ProjectDependencies) = postProject
		{6C6F7888-2F0A-4BA9-89BD-A41BDAAC34BC} = {6C6F7888-2F0A-4BA9-89BD-A41BDAAC34BC}
	EndProjectSection
EndProject
Project("{9A19103F-16F7-4668-BE54-9A1E7A4F7556}") = "Xpand.TestsLib", "..\..\TestsLib\Xpand.TestsLib.csproj", "{6C6F7888-2F0A-4BA9-89BD-A41BDAAC34BC}"
EndProject
Project("{2150E333-8FDC-42A3-9474-1A3956D46DE8}") = "Tests", "Tests", "{F2E84865-5D10-40F8-ACBB-64980340EF99}"
EndProject
Project("{9A19103F-16F7-4668-BE54-9A1E7A4F7556}") = "ALL.Web.Tests", "..\ALL.Web.Tests\ALL.Web.Tests.csproj", "{3B0C7B34-9818-4CB3-A1B2-2F2F25459D35}"
	ProjectSection(ProjectDependencies) = postProject
		{6C6F7888-2F0A-4BA9-89BD-A41BDAAC34BC} = {6C6F7888-2F0A-4BA9-89BD-A41BDAAC34BC}
	EndProjectSection
EndProject
Project("{9A19103F-16F7-4668-BE54-9A1E7A4F7556}") = "Xpand.Extensions.Reactive", "..\..\..\Extensions\Xpand.Extensions.Reactive\Xpand.Extensions.Reactive\Xpand.Extensions.Reactive.csproj", "{DE86F607-0FAF-4484-9E77-48AE4ADC01F7}"
EndProject
Global
	GlobalSection(SolutionConfigurationPlatforms) = preSolution
		Debug|Any CPU = Debug|Any CPU
		EasyTest|Any CPU = EasyTest|Any CPU
		Release|Any CPU = Release|Any CPU
	EndGlobalSection
	GlobalSection(ProjectConfigurationPlatforms) = postSolution
		{AD0A8FF1-9335-4FEA-85A7-74EB5BCCA105}.Debug|Any CPU.ActiveCfg = Debug|Any CPU
		{AD0A8FF1-9335-4FEA-85A7-74EB5BCCA105}.Debug|Any CPU.Build.0 = Debug|Any CPU
		{AD0A8FF1-9335-4FEA-85A7-74EB5BCCA105}.EasyTest|Any CPU.ActiveCfg = EasyTest|Any CPU
		{AD0A8FF1-9335-4FEA-85A7-74EB5BCCA105}.EasyTest|Any CPU.Build.0 = EasyTest|Any CPU
		{AD0A8FF1-9335-4FEA-85A7-74EB5BCCA105}.Release|Any CPU.ActiveCfg = Release|Any CPU
		{AD0A8FF1-9335-4FEA-85A7-74EB5BCCA105}.Release|Any CPU.Build.0 = Release|Any CPU
		{D05D93DF-312D-4D4E-B980-726871EC7833}.Debug|Any CPU.ActiveCfg = Debug|Any CPU
		{D05D93DF-312D-4D4E-B980-726871EC7833}.Debug|Any CPU.Build.0 = Debug|Any CPU
		{D05D93DF-312D-4D4E-B980-726871EC7833}.EasyTest|Any CPU.ActiveCfg = EasyTest|Any CPU
		{D05D93DF-312D-4D4E-B980-726871EC7833}.EasyTest|Any CPU.Build.0 = EasyTest|Any CPU
		{D05D93DF-312D-4D4E-B980-726871EC7833}.Release|Any CPU.ActiveCfg = Release|Any CPU
		{D05D93DF-312D-4D4E-B980-726871EC7833}.Release|Any CPU.Build.0 = Release|Any CPU
		{0DA91073-BA11-4737-A341-63BAF5E542B8}.Debug|Any CPU.ActiveCfg = Debug|Any CPU
		{0DA91073-BA11-4737-A341-63BAF5E542B8}.Debug|Any CPU.Build.0 = Debug|Any CPU
		{0DA91073-BA11-4737-A341-63BAF5E542B8}.EasyTest|Any CPU.ActiveCfg = Debug|Any CPU
		{0DA91073-BA11-4737-A341-63BAF5E542B8}.EasyTest|Any CPU.Build.0 = Debug|Any CPU
		{0DA91073-BA11-4737-A341-63BAF5E542B8}.Release|Any CPU.ActiveCfg = Debug|Any CPU
		{0DA91073-BA11-4737-A341-63BAF5E542B8}.Release|Any CPU.Build.0 = Debug|Any CPU
		{6C6F7888-2F0A-4BA9-89BD-A41BDAAC34BC}.Debug|Any CPU.ActiveCfg = Debug|Any CPU
		{6C6F7888-2F0A-4BA9-89BD-A41BDAAC34BC}.EasyTest|Any CPU.ActiveCfg = Debug|Any CPU
		{6C6F7888-2F0A-4BA9-89BD-A41BDAAC34BC}.Release|Any CPU.ActiveCfg = Debug|Any CPU
		{3B0C7B34-9818-4CB3-A1B2-2F2F25459D35}.Debug|Any CPU.ActiveCfg = Debug|Any CPU
		{3B0C7B34-9818-4CB3-A1B2-2F2F25459D35}.Debug|Any CPU.Build.0 = Debug|Any CPU
		{3B0C7B34-9818-4CB3-A1B2-2F2F25459D35}.EasyTest|Any CPU.ActiveCfg = Debug|Any CPU
		{3B0C7B34-9818-4CB3-A1B2-2F2F25459D35}.EasyTest|Any CPU.Build.0 = Debug|Any CPU
		{3B0C7B34-9818-4CB3-A1B2-2F2F25459D35}.Release|Any CPU.ActiveCfg = Debug|Any CPU
		{3B0C7B34-9818-4CB3-A1B2-2F2F25459D35}.Release|Any CPU.Build.0 = Debug|Any CPU
		{DE86F607-0FAF-4484-9E77-48AE4ADC01F7}.Debug|Any CPU.ActiveCfg = Debug|Any CPU
		{DE86F607-0FAF-4484-9E77-48AE4ADC01F7}.EasyTest|Any CPU.ActiveCfg = Debug|Any CPU
		{DE86F607-0FAF-4484-9E77-48AE4ADC01F7}.Release|Any CPU.ActiveCfg = Release|Any CPU
	EndGlobalSection
	GlobalSection(SolutionProperties) = preSolution
		HideSolutionNode = FALSE
	EndGlobalSection
	GlobalSection(NestedProjects) = preSolution
		{0DA91073-BA11-4737-A341-63BAF5E542B8} = {F2E84865-5D10-40F8-ACBB-64980340EF99}
		{3B0C7B34-9818-4CB3-A1B2-2F2F25459D35} = {F2E84865-5D10-40F8-ACBB-64980340EF99}
	EndGlobalSection
	GlobalSection(ExtensibilityGlobals) = postSolution
		SolutionGuid = {6ACD59E9-DFAA-47B1-B795-AC35934F5992}
	EndGlobalSection
EndGlobal
