
Microsoft Visual Studio Solution File, Format Version 12.00
# Visual Studio 15
VisualStudioVersion = 15.0.28307.136
MinimumVisualStudioVersion = 10.0.40219.1
Project("{FAE04EC0-301F-11D3-BF4B-00C04F79EFBC}") = "DevExpress.XAF.Extensions.Model", "Model\DevExpress.XAF.Extensions.Model.csproj", "{87BC4FB9-5297-4168-A97A-6B4B03426037}"
	ProjectSection(ProjectDependencies) = postProject
		{90E34AE8-5130-4087-9720-B9980C1F22F1} = {90E34AE8-5130-4087-9720-B9980C1F22F1}
	EndProjectSection
EndProject
Project("{FAE04EC0-301F-11D3-BF4B-00C04F79EFBC}") = "DevExpress.XAF.Extensions", "Extensions\DevExpress.XAF.Extensions.csproj", "{90E34AE8-5130-4087-9720-B9980C1F22F1}"
EndProject
Project("{FAE04EC0-301F-11D3-BF4B-00C04F79EFBC}") = "DevExpress.XAF.Extensions.TypesInfo", "TypeInfo\DevExpress.XAF.Extensions.TypesInfo.csproj", "{C43604D4-CD51-45E9-B940-0B33B88F2CC4}"
EndProject
Global
	GlobalSection(SolutionConfigurationPlatforms) = preSolution
		Debug|Any CPU = Debug|Any CPU
		Release|Any CPU = Release|Any CPU
	EndGlobalSection
	GlobalSection(ProjectConfigurationPlatforms) = postSolution
		{87BC4FB9-5297-4168-A97A-6B4B03426037}.Debug|Any CPU.ActiveCfg = Debug|Any CPU
		{87BC4FB9-5297-4168-A97A-6B4B03426037}.Debug|Any CPU.Build.0 = Debug|Any CPU
		{87BC4FB9-5297-4168-A97A-6B4B03426037}.Release|Any CPU.ActiveCfg = Release|Any CPU
		{87BC4FB9-5297-4168-A97A-6B4B03426037}.Release|Any CPU.Build.0 = Release|Any CPU
		{90E34AE8-5130-4087-9720-B9980C1F22F1}.Debug|Any CPU.ActiveCfg = Debug|Any CPU
		{90E34AE8-5130-4087-9720-B9980C1F22F1}.Debug|Any CPU.Build.0 = Debug|Any CPU
		{90E34AE8-5130-4087-9720-B9980C1F22F1}.Release|Any CPU.ActiveCfg = Release|Any CPU
		{90E34AE8-5130-4087-9720-B9980C1F22F1}.Release|Any CPU.Build.0 = Release|Any CPU
		{C43604D4-CD51-45E9-B940-0B33B88F2CC4}.Debug|Any CPU.ActiveCfg = Debug|Any CPU
		{C43604D4-CD51-45E9-B940-0B33B88F2CC4}.Debug|Any CPU.Build.0 = Debug|Any CPU
		{C43604D4-CD51-45E9-B940-0B33B88F2CC4}.Release|Any CPU.ActiveCfg = Release|Any CPU
		{C43604D4-CD51-45E9-B940-0B33B88F2CC4}.Release|Any CPU.Build.0 = Release|Any CPU
	EndGlobalSection
	GlobalSection(SolutionProperties) = preSolution
		HideSolutionNode = FALSE
	EndGlobalSection
	GlobalSection(ExtensibilityGlobals) = postSolution
		SolutionGuid = {5E372D55-62B9-4E88-A41D-F87E74D4FFCD}
	EndGlobalSection
EndGlobal
